
Microsoft Visual Studio Solution File, Format Version 12.00
# Visual Studio 2013
VisualStudioVersion = 12.0.21005.1
MinimumVisualStudioVersion = 10.0.40219.1
Project("{FAE04EC0-301F-11D3-BF4B-00C04F79EFBC}") = "01.N_Numbers", "01.N_Numbers\01.N_Numbers.csproj", "{C608FFA5-4399-4234-899F-23D965DEE260}"
EndProject
Project("{FAE04EC0-301F-11D3-BF4B-00C04F79EFBC}") = "02.NumbersNotDivisible3and7", "02.NumbersNotDivisible3and7\02.NumbersNotDivisible3and7.csproj", "{49800E7F-E86B-41EF-A3C3-BCCF486F5190}"
EndProject
Project("{FAE04EC0-301F-11D3-BF4B-00C04F79EFBC}") = "03.MinMaxInteger", "03.MinMaxInteger\03.MinMaxInteger.csproj", "{0B939CB2-D5E3-4A17-AF2A-0BD3E2017926}"
EndProject
Project("{FAE04EC0-301F-11D3-BF4B-00C04F79EFBC}") = "04.FactorialNK", "04.FactorialNK\04.FactorialNK.csproj", "{4CE000E2-F15C-48E4-8410-17BC2F84A8E4}"
EndProject
Project("{FAE04EC0-301F-11D3-BF4B-00C04F79EFBC}") = "05.AnotherFactorialEquation", "05.AnotherFactorialEquation\05.AnotherFactorialEquation.csproj", "{E60FA711-7F81-4346-A43B-F6D7F4AEB70D}"
EndProject
Project("{FAE04EC0-301F-11D3-BF4B-00C04F79EFBC}") = "06.CustomSum", "06.CustomSum\06.CustomSum.csproj", "{48802DD7-85DE-42C7-B4F3-23FB57976418}"
EndProject
Project("{FAE04EC0-301F-11D3-BF4B-00C04F79EFBC}") = "07.FibonacciSum", "07.Fibonacci\07.FibonacciSum.csproj", "{12F767EB-AEDA-4539-8E37-FC9D283080D2}"
EndProject
Project("{FAE04EC0-301F-11D3-BF4B-00C04F79EFBC}") = "08.GreatestCommonDivisor", "08.GreatestCommonDivisor\08.GreatestCommonDivisor.csproj", "{5A5432D7-9B58-4B54-A5C6-6E0A4F73A9F2}"
EndProject
Project("{FAE04EC0-301F-11D3-BF4B-00C04F79EFBC}") = "09-10.CatalanNumbers", "09.CatalanNumbers\09-10.CatalanNumbers.csproj", "{E0362ECF-2870-41D8-81FB-DF52229471C8}"
EndProject
Global
	GlobalSection(SolutionConfigurationPlatforms) = preSolution
		Debug|Any CPU = Debug|Any CPU
		Release|Any CPU = Release|Any CPU
	EndGlobalSection
	GlobalSection(ProjectConfigurationPlatforms) = postSolution
		{C608FFA5-4399-4234-899F-23D965DEE260}.Debug|Any CPU.ActiveCfg = Debug|Any CPU
		{C608FFA5-4399-4234-899F-23D965DEE260}.Debug|Any CPU.Build.0 = Debug|Any CPU
		{C608FFA5-4399-4234-899F-23D965DEE260}.Release|Any CPU.ActiveCfg = Release|Any CPU
		{C608FFA5-4399-4234-899F-23D965DEE260}.Release|Any CPU.Build.0 = Release|Any CPU
		{49800E7F-E86B-41EF-A3C3-BCCF486F5190}.Debug|Any CPU.ActiveCfg = Debug|Any CPU
		{49800E7F-E86B-41EF-A3C3-BCCF486F5190}.Debug|Any CPU.Build.0 = Debug|Any CPU
		{49800E7F-E86B-41EF-A3C3-BCCF486F5190}.Release|Any CPU.ActiveCfg = Release|Any CPU
		{49800E7F-E86B-41EF-A3C3-BCCF486F5190}.Release|Any CPU.Build.0 = Release|Any CPU
		{0B939CB2-D5E3-4A17-AF2A-0BD3E2017926}.Debug|Any CPU.ActiveCfg = Debug|Any CPU
		{0B939CB2-D5E3-4A17-AF2A-0BD3E2017926}.Debug|Any CPU.Build.0 = Debug|Any CPU
		{0B939CB2-D5E3-4A17-AF2A-0BD3E2017926}.Release|Any CPU.ActiveCfg = Release|Any CPU
		{0B939CB2-D5E3-4A17-AF2A-0BD3E2017926}.Release|Any CPU.Build.0 = Release|Any CPU
		{4CE000E2-F15C-48E4-8410-17BC2F84A8E4}.Debug|Any CPU.ActiveCfg = Debug|Any CPU
		{4CE000E2-F15C-48E4-8410-17BC2F84A8E4}.Debug|Any CPU.Build.0 = Debug|Any CPU
		{4CE000E2-F15C-48E4-8410-17BC2F84A8E4}.Release|Any CPU.ActiveCfg = Release|Any CPU
		{4CE000E2-F15C-48E4-8410-17BC2F84A8E4}.Release|Any CPU.Build.0 = Release|Any CPU
		{E60FA711-7F81-4346-A43B-F6D7F4AEB70D}.Debug|Any CPU.ActiveCfg = Debug|Any CPU
		{E60FA711-7F81-4346-A43B-F6D7F4AEB70D}.Debug|Any CPU.Build.0 = Debug|Any CPU
		{E60FA711-7F81-4346-A43B-F6D7F4AEB70D}.Release|Any CPU.ActiveCfg = Release|Any CPU
		{E60FA711-7F81-4346-A43B-F6D7F4AEB70D}.Release|Any CPU.Build.0 = Release|Any CPU
		{48802DD7-85DE-42C7-B4F3-23FB57976418}.Debug|Any CPU.ActiveCfg = Debug|Any CPU
		{48802DD7-85DE-42C7-B4F3-23FB57976418}.Debug|Any CPU.Build.0 = Debug|Any CPU
		{48802DD7-85DE-42C7-B4F3-23FB57976418}.Release|Any CPU.ActiveCfg = Release|Any CPU
		{48802DD7-85DE-42C7-B4F3-23FB57976418}.Release|Any CPU.Build.0 = Release|Any CPU
		{12F767EB-AEDA-4539-8E37-FC9D283080D2}.Debug|Any CPU.ActiveCfg = Debug|Any CPU
		{12F767EB-AEDA-4539-8E37-FC9D283080D2}.Debug|Any CPU.Build.0 = Debug|Any CPU
		{12F767EB-AEDA-4539-8E37-FC9D283080D2}.Release|Any CPU.ActiveCfg = Release|Any CPU
		{12F767EB-AEDA-4539-8E37-FC9D283080D2}.Release|Any CPU.Build.0 = Release|Any CPU
		{5A5432D7-9B58-4B54-A5C6-6E0A4F73A9F2}.Debug|Any CPU.ActiveCfg = Debug|Any CPU
		{5A5432D7-9B58-4B54-A5C6-6E0A4F73A9F2}.Debug|Any CPU.Build.0 = Debug|Any CPU
		{5A5432D7-9B58-4B54-A5C6-6E0A4F73A9F2}.Release|Any CPU.ActiveCfg = Release|Any CPU
		{5A5432D7-9B58-4B54-A5C6-6E0A4F73A9F2}.Release|Any CPU.Build.0 = Release|Any CPU
		{E0362ECF-2870-41D8-81FB-DF52229471C8}.Debug|Any CPU.ActiveCfg = Debug|Any CPU
		{E0362ECF-2870-41D8-81FB-DF52229471C8}.Debug|Any CPU.Build.0 = Debug|Any CPU
		{E0362ECF-2870-41D8-81FB-DF52229471C8}.Release|Any CPU.ActiveCfg = Release|Any CPU
		{E0362ECF-2870-41D8-81FB-DF52229471C8}.Release|Any CPU.Build.0 = Release|Any CPU
	EndGlobalSection
	GlobalSection(SolutionProperties) = preSolution
		HideSolutionNode = FALSE
	EndGlobalSection
EndGlobal
