
Microsoft Visual Studio Solution File, Format Version 12.00
# Visual Studio 2013
VisualStudioVersion = 12.0.21005.1
MinimumVisualStudioVersion = 10.0.40219.1
Project("{FAE04EC0-301F-11D3-BF4B-00C04F79EFBC}") = "11.NumberTextRepresentation", "11.NumberTextRepresentation\11.NumberTextRepresentation.csproj", "{C9056147-1F17-48F2-A316-E9D0191BD586}"
EndProject
Project("{FAE04EC0-301F-11D3-BF4B-00C04F79EFBC}") = "01.ExchangeVariables", "01.ExchangeVariables\01.ExchangeVariables.csproj", "{0FEF403D-453F-4F05-9A11-7BB66D5A4786}"
EndProject
Project("{FAE04EC0-301F-11D3-BF4B-00C04F79EFBC}") = "02.SignOfThreeNumProduct", "02.SignOfThreeNumProduct\02.SignOfThreeNumProduct.csproj", "{220C2B87-E005-46C9-84A4-96B67E9ECC55}"
EndProject
Project("{FAE04EC0-301F-11D3-BF4B-00C04F79EFBC}") = "02.SignOfThreeNumProduct_Variant2", "02.SignOfThreeNumProduct_Variant2\02.SignOfThreeNumProduct_Variant2.csproj", "{FD710FD9-8CC0-46CC-8A25-0E9C7E7981CC}"
EndProject
Project("{FAE04EC0-301F-11D3-BF4B-00C04F79EFBC}") = "03.BiggestOfThreeNumbers", "03.BiggestOfThreeNumbers\03.BiggestOfThreeNumbers.csproj", "{7583927D-238C-4E9E-986A-CAD12318F082}"
EndProject
Project("{FAE04EC0-301F-11D3-BF4B-00C04F79EFBC}") = "04.SortThreeVariables", "04.SortThreeVariables\04.SortThreeVariables.csproj", "{D4C589B1-5342-44F8-B1C5-65564ABA9B07}"
EndProject
Project("{FAE04EC0-301F-11D3-BF4B-00C04F79EFBC}") = "05.NameOfDigit", "05.NameOfDigit\05.NameOfDigit.csproj", "{808D35E6-7F5D-487E-BC88-44A00F6A0EEA}"
EndProject
Project("{FAE04EC0-301F-11D3-BF4B-00C04F79EFBC}") = "06.QuadraticEquationSolver", "06.QuadraticEquationSolver\06.QuadraticEquationSolver.csproj", "{91A0FE25-7787-41ED-AA8B-320F4A313323}"
EndProject
Global
	GlobalSection(SolutionConfigurationPlatforms) = preSolution
		Debug|Any CPU = Debug|Any CPU
		Release|Any CPU = Release|Any CPU
	EndGlobalSection
	GlobalSection(ProjectConfigurationPlatforms) = postSolution
		{C9056147-1F17-48F2-A316-E9D0191BD586}.Debug|Any CPU.ActiveCfg = Debug|Any CPU
		{C9056147-1F17-48F2-A316-E9D0191BD586}.Debug|Any CPU.Build.0 = Debug|Any CPU
		{C9056147-1F17-48F2-A316-E9D0191BD586}.Release|Any CPU.ActiveCfg = Release|Any CPU
		{C9056147-1F17-48F2-A316-E9D0191BD586}.Release|Any CPU.Build.0 = Release|Any CPU
		{0FEF403D-453F-4F05-9A11-7BB66D5A4786}.Debug|Any CPU.ActiveCfg = Debug|Any CPU
		{0FEF403D-453F-4F05-9A11-7BB66D5A4786}.Debug|Any CPU.Build.0 = Debug|Any CPU
		{0FEF403D-453F-4F05-9A11-7BB66D5A4786}.Release|Any CPU.ActiveCfg = Release|Any CPU
		{0FEF403D-453F-4F05-9A11-7BB66D5A4786}.Release|Any CPU.Build.0 = Release|Any CPU
		{220C2B87-E005-46C9-84A4-96B67E9ECC55}.Debug|Any CPU.ActiveCfg = Debug|Any CPU
		{220C2B87-E005-46C9-84A4-96B67E9ECC55}.Debug|Any CPU.Build.0 = Debug|Any CPU
		{220C2B87-E005-46C9-84A4-96B67E9ECC55}.Release|Any CPU.ActiveCfg = Release|Any CPU
		{220C2B87-E005-46C9-84A4-96B67E9ECC55}.Release|Any CPU.Build.0 = Release|Any CPU
		{FD710FD9-8CC0-46CC-8A25-0E9C7E7981CC}.Debug|Any CPU.ActiveCfg = Debug|Any CPU
		{FD710FD9-8CC0-46CC-8A25-0E9C7E7981CC}.Debug|Any CPU.Build.0 = Debug|Any CPU
		{FD710FD9-8CC0-46CC-8A25-0E9C7E7981CC}.Release|Any CPU.ActiveCfg = Release|Any CPU
		{FD710FD9-8CC0-46CC-8A25-0E9C7E7981CC}.Release|Any CPU.Build.0 = Release|Any CPU
		{7583927D-238C-4E9E-986A-CAD12318F082}.Debug|Any CPU.ActiveCfg = Debug|Any CPU
		{7583927D-238C-4E9E-986A-CAD12318F082}.Debug|Any CPU.Build.0 = Debug|Any CPU
		{7583927D-238C-4E9E-986A-CAD12318F082}.Release|Any CPU.ActiveCfg = Release|Any CPU
		{7583927D-238C-4E9E-986A-CAD12318F082}.Release|Any CPU.Build.0 = Release|Any CPU
		{D4C589B1-5342-44F8-B1C5-65564ABA9B07}.Debug|Any CPU.ActiveCfg = Debug|Any CPU
		{D4C589B1-5342-44F8-B1C5-65564ABA9B07}.Debug|Any CPU.Build.0 = Debug|Any CPU
		{D4C589B1-5342-44F8-B1C5-65564ABA9B07}.Release|Any CPU.ActiveCfg = Release|Any CPU
		{D4C589B1-5342-44F8-B1C5-65564ABA9B07}.Release|Any CPU.Build.0 = Release|Any CPU
		{808D35E6-7F5D-487E-BC88-44A00F6A0EEA}.Debug|Any CPU.ActiveCfg = Debug|Any CPU
		{808D35E6-7F5D-487E-BC88-44A00F6A0EEA}.Debug|Any CPU.Build.0 = Debug|Any CPU
		{808D35E6-7F5D-487E-BC88-44A00F6A0EEA}.Release|Any CPU.ActiveCfg = Release|Any CPU
		{808D35E6-7F5D-487E-BC88-44A00F6A0EEA}.Release|Any CPU.Build.0 = Release|Any CPU
		{91A0FE25-7787-41ED-AA8B-320F4A313323}.Debug|Any CPU.ActiveCfg = Debug|Any CPU
		{91A0FE25-7787-41ED-AA8B-320F4A313323}.Debug|Any CPU.Build.0 = Debug|Any CPU
		{91A0FE25-7787-41ED-AA8B-320F4A313323}.Release|Any CPU.ActiveCfg = Release|Any CPU
		{91A0FE25-7787-41ED-AA8B-320F4A313323}.Release|Any CPU.Build.0 = Release|Any CPU
	EndGlobalSection
	GlobalSection(SolutionProperties) = preSolution
		HideSolutionNode = FALSE
	EndGlobalSection
EndGlobal
