
Microsoft Visual Studio Solution File, Format Version 12.00
# Visual Studio 2013
VisualStudioVersion = 12.0.21005.1
MinimumVisualStudioVersion = 10.0.40219.1
Project("{FAE04EC0-301F-11D3-BF4B-00C04F79EFBC}") = "01.OddOrEven", "01.OddOrEven\01.OddOrEven.csproj", "{7EBECDBD-C3F2-4E7B-8430-533C9EEE46D0}"
EndProject
Project("{FAE04EC0-301F-11D3-BF4B-00C04F79EFBC}") = "02.DivideBy5and7", "02.DivideBy5and7\02.DivideBy5and7.csproj", "{2A3FCE97-7A49-462D-8C50-6A2EA67CA60D}"
EndProject
Project("{FAE04EC0-301F-11D3-BF4B-00C04F79EFBC}") = "03.RectanglesArea", "03.RectanglesArea\03.RectanglesArea.csproj", "{D072B61C-9309-4C1F-A6A8-D7B48910FBA9}"
EndProject
Project("{FAE04EC0-301F-11D3-BF4B-00C04F79EFBC}") = "04.CheckDigits", "04.CheckDigits\04.CheckDigits.csproj", "{BD290BC4-A41C-42D0-8375-C20D2FAF5BDC}"
EndProject
Project("{FAE04EC0-301F-11D3-BF4B-00C04F79EFBC}") = "05.CheckBits", "05.CheckBits\05.CheckBits.csproj", "{4A0F50D0-717B-434C-9523-DCF48F723A97}"
EndProject
Project("{FAE04EC0-301F-11D3-BF4B-00C04F79EFBC}") = "06.CircleAndPoint", "06.CircleAndPoint\06.CircleAndPoint.csproj", "{4D33A3C2-E8CC-4FDD-9785-27C002F42B04}"
EndProject
Project("{FAE04EC0-301F-11D3-BF4B-00C04F79EFBC}") = "07.CheckPrimeNumber", "07.CheckPrimeNumber\07.CheckPrimeNumber.csproj", "{91362452-770F-4F7E-A90D-B83CA5701268}"
EndProject
Project("{FAE04EC0-301F-11D3-BF4B-00C04F79EFBC}") = "08.TrapezoidArea", "08.TrapezoidArea\08.TrapezoidArea.csproj", "{DE6D000D-DC4A-4555-B7CE-E1223684AE2D}"
EndProject
Project("{FAE04EC0-301F-11D3-BF4B-00C04F79EFBC}") = "09.CircleRectangleAndPoint", "09.CircleRectangleAndPoint\09.CircleRectangleAndPoint.csproj", "{585AAC27-1D36-4C33-A390-BB78366A56ED}"
EndProject
Project("{FAE04EC0-301F-11D3-BF4B-00C04F79EFBC}") = "10.CheckBits2", "10.CheckBits2\10.CheckBits2.csproj", "{92848B23-5283-4F5C-9026-89F3A4EFF862}"
EndProject
Project("{FAE04EC0-301F-11D3-BF4B-00C04F79EFBC}") = "11.CheckBits3", "11.CheckBits3\11.CheckBits3.csproj", "{55B3B344-5F73-433A-B5E6-FAC212460ABD}"
EndProject
Global
	GlobalSection(SolutionConfigurationPlatforms) = preSolution
		Debug|Any CPU = Debug|Any CPU
		Release|Any CPU = Release|Any CPU
	EndGlobalSection
	GlobalSection(ProjectConfigurationPlatforms) = postSolution
		{7EBECDBD-C3F2-4E7B-8430-533C9EEE46D0}.Debug|Any CPU.ActiveCfg = Debug|Any CPU
		{7EBECDBD-C3F2-4E7B-8430-533C9EEE46D0}.Debug|Any CPU.Build.0 = Debug|Any CPU
		{7EBECDBD-C3F2-4E7B-8430-533C9EEE46D0}.Release|Any CPU.ActiveCfg = Release|Any CPU
		{7EBECDBD-C3F2-4E7B-8430-533C9EEE46D0}.Release|Any CPU.Build.0 = Release|Any CPU
		{2A3FCE97-7A49-462D-8C50-6A2EA67CA60D}.Debug|Any CPU.ActiveCfg = Debug|Any CPU
		{2A3FCE97-7A49-462D-8C50-6A2EA67CA60D}.Debug|Any CPU.Build.0 = Debug|Any CPU
		{2A3FCE97-7A49-462D-8C50-6A2EA67CA60D}.Release|Any CPU.ActiveCfg = Release|Any CPU
		{2A3FCE97-7A49-462D-8C50-6A2EA67CA60D}.Release|Any CPU.Build.0 = Release|Any CPU
		{D072B61C-9309-4C1F-A6A8-D7B48910FBA9}.Debug|Any CPU.ActiveCfg = Debug|Any CPU
		{D072B61C-9309-4C1F-A6A8-D7B48910FBA9}.Debug|Any CPU.Build.0 = Debug|Any CPU
		{D072B61C-9309-4C1F-A6A8-D7B48910FBA9}.Release|Any CPU.ActiveCfg = Release|Any CPU
		{D072B61C-9309-4C1F-A6A8-D7B48910FBA9}.Release|Any CPU.Build.0 = Release|Any CPU
		{BD290BC4-A41C-42D0-8375-C20D2FAF5BDC}.Debug|Any CPU.ActiveCfg = Debug|Any CPU
		{BD290BC4-A41C-42D0-8375-C20D2FAF5BDC}.Debug|Any CPU.Build.0 = Debug|Any CPU
		{BD290BC4-A41C-42D0-8375-C20D2FAF5BDC}.Release|Any CPU.ActiveCfg = Release|Any CPU
		{BD290BC4-A41C-42D0-8375-C20D2FAF5BDC}.Release|Any CPU.Build.0 = Release|Any CPU
		{4A0F50D0-717B-434C-9523-DCF48F723A97}.Debug|Any CPU.ActiveCfg = Debug|Any CPU
		{4A0F50D0-717B-434C-9523-DCF48F723A97}.Debug|Any CPU.Build.0 = Debug|Any CPU
		{4A0F50D0-717B-434C-9523-DCF48F723A97}.Release|Any CPU.ActiveCfg = Release|Any CPU
		{4A0F50D0-717B-434C-9523-DCF48F723A97}.Release|Any CPU.Build.0 = Release|Any CPU
		{4D33A3C2-E8CC-4FDD-9785-27C002F42B04}.Debug|Any CPU.ActiveCfg = Debug|Any CPU
		{4D33A3C2-E8CC-4FDD-9785-27C002F42B04}.Debug|Any CPU.Build.0 = Debug|Any CPU
		{4D33A3C2-E8CC-4FDD-9785-27C002F42B04}.Release|Any CPU.ActiveCfg = Release|Any CPU
		{4D33A3C2-E8CC-4FDD-9785-27C002F42B04}.Release|Any CPU.Build.0 = Release|Any CPU
		{91362452-770F-4F7E-A90D-B83CA5701268}.Debug|Any CPU.ActiveCfg = Debug|Any CPU
		{91362452-770F-4F7E-A90D-B83CA5701268}.Debug|Any CPU.Build.0 = Debug|Any CPU
		{91362452-770F-4F7E-A90D-B83CA5701268}.Release|Any CPU.ActiveCfg = Release|Any CPU
		{91362452-770F-4F7E-A90D-B83CA5701268}.Release|Any CPU.Build.0 = Release|Any CPU
		{DE6D000D-DC4A-4555-B7CE-E1223684AE2D}.Debug|Any CPU.ActiveCfg = Debug|Any CPU
		{DE6D000D-DC4A-4555-B7CE-E1223684AE2D}.Debug|Any CPU.Build.0 = Debug|Any CPU
		{DE6D000D-DC4A-4555-B7CE-E1223684AE2D}.Release|Any CPU.ActiveCfg = Release|Any CPU
		{DE6D000D-DC4A-4555-B7CE-E1223684AE2D}.Release|Any CPU.Build.0 = Release|Any CPU
		{585AAC27-1D36-4C33-A390-BB78366A56ED}.Debug|Any CPU.ActiveCfg = Debug|Any CPU
		{585AAC27-1D36-4C33-A390-BB78366A56ED}.Debug|Any CPU.Build.0 = Debug|Any CPU
		{585AAC27-1D36-4C33-A390-BB78366A56ED}.Release|Any CPU.ActiveCfg = Release|Any CPU
		{585AAC27-1D36-4C33-A390-BB78366A56ED}.Release|Any CPU.Build.0 = Release|Any CPU
		{92848B23-5283-4F5C-9026-89F3A4EFF862}.Debug|Any CPU.ActiveCfg = Debug|Any CPU
		{92848B23-5283-4F5C-9026-89F3A4EFF862}.Debug|Any CPU.Build.0 = Debug|Any CPU
		{92848B23-5283-4F5C-9026-89F3A4EFF862}.Release|Any CPU.ActiveCfg = Release|Any CPU
		{92848B23-5283-4F5C-9026-89F3A4EFF862}.Release|Any CPU.Build.0 = Release|Any CPU
		{55B3B344-5F73-433A-B5E6-FAC212460ABD}.Debug|Any CPU.ActiveCfg = Debug|Any CPU
		{55B3B344-5F73-433A-B5E6-FAC212460ABD}.Debug|Any CPU.Build.0 = Debug|Any CPU
		{55B3B344-5F73-433A-B5E6-FAC212460ABD}.Release|Any CPU.ActiveCfg = Release|Any CPU
		{55B3B344-5F73-433A-B5E6-FAC212460ABD}.Release|Any CPU.Build.0 = Release|Any CPU
	EndGlobalSection
	GlobalSection(SolutionProperties) = preSolution
		HideSolutionNode = FALSE
	EndGlobalSection
EndGlobal
