
Microsoft Visual Studio Solution File, Format Version 12.00
# Visual Studio 2013
VisualStudioVersion = 12.0.21005.1
MinimumVisualStudioVersion = 10.0.40219.1
Project("{FAE04EC0-301F-11D3-BF4B-00C04F79EFBC}") = "00.EntityFramework.Data", "00.EntityFramework.Data\00.EntityFramework.Data.csproj", "{5D933083-94A6-4BD1-90ED-7AE6EF584D0B}"
EndProject
Project("{FAE04EC0-301F-11D3-BF4B-00C04F79EFBC}") = "01.CustomersDAO", "01.CustomersDAO\01.CustomersDAO.csproj", "{FB46D207-E829-452C-B882-795CC0CBE535}"
EndProject
Global
	GlobalSection(SolutionConfigurationPlatforms) = preSolution
		Debug|Any CPU = Debug|Any CPU
		Release|Any CPU = Release|Any CPU
	EndGlobalSection
	GlobalSection(ProjectConfigurationPlatforms) = postSolution
		{5D933083-94A6-4BD1-90ED-7AE6EF584D0B}.Debug|Any CPU.ActiveCfg = Debug|Any CPU
		{5D933083-94A6-4BD1-90ED-7AE6EF584D0B}.Debug|Any CPU.Build.0 = Debug|Any CPU
		{5D933083-94A6-4BD1-90ED-7AE6EF584D0B}.Release|Any CPU.ActiveCfg = Release|Any CPU
		{5D933083-94A6-4BD1-90ED-7AE6EF584D0B}.Release|Any CPU.Build.0 = Release|Any CPU
		{FB46D207-E829-452C-B882-795CC0CBE535}.Debug|Any CPU.ActiveCfg = Debug|Any CPU
		{FB46D207-E829-452C-B882-795CC0CBE535}.Debug|Any CPU.Build.0 = Debug|Any CPU
		{FB46D207-E829-452C-B882-795CC0CBE535}.Release|Any CPU.ActiveCfg = Release|Any CPU
		{FB46D207-E829-452C-B882-795CC0CBE535}.Release|Any CPU.Build.0 = Release|Any CPU
	EndGlobalSection
	GlobalSection(SolutionProperties) = preSolution
		HideSolutionNode = FALSE
	EndGlobalSection
EndGlobal
