
Microsoft Visual Studio Solution File, Format Version 12.00
# Visual Studio 2013
VisualStudioVersion = 12.0.21005.1
MinimumVisualStudioVersion = 10.0.40219.1
Project("{FAE04EC0-301F-11D3-BF4B-00C04F79EFBC}") = "01.DifferentVariables", "01.DifferentVariables\01.DifferentVariables.csproj", "{03E72DD6-4BA0-430A-900D-2B511C7BD2F7}"
EndProject
Project("{FAE04EC0-301F-11D3-BF4B-00C04F79EFBC}") = "02.DoubleFloatComparison", "02.DoubleFloatComparison\02.DoubleFloatComparison.csproj", "{E1024F36-81C3-4D6E-99E6-B99F36BA81F0}"
EndProject
Project("{FAE04EC0-301F-11D3-BF4B-00C04F79EFBC}") = "03.CompareFloatVariables", "03.CompareFloatVariables\03.CompareFloatVariables.csproj", "{E2545A95-B44B-4EB3-96C8-19534E736D9C}"
EndProject
Project("{FAE04EC0-301F-11D3-BF4B-00C04F79EFBC}") = "04-06.MoreVariables", "04-06.MoreVariables\04-06.MoreVariables.csproj", "{3918AED7-7F79-4482-A45D-1AA763D8E58E}"
EndProject
Project("{FAE04EC0-301F-11D3-BF4B-00C04F79EFBC}") = "07.StringConcatenation", "07.StringConcatenation\07.StringConcatenation.csproj", "{A7243AD6-0A75-4E6E-A594-32A86ED800A8}"
EndProject
Project("{FAE04EC0-301F-11D3-BF4B-00C04F79EFBC}") = "08.QuotedStrings", "08.QuotedStrings\08.QuotedStrings.csproj", "{EC7AEC57-D160-4F6A-AD89-E5D57B72617B}"
EndProject
Project("{FAE04EC0-301F-11D3-BF4B-00C04F79EFBC}") = "09.IsoscelesTriangle", "09.IsoscelesTriangle\09.IsoscelesTriangle.csproj", "{C1216264-A741-41AD-A92E-682163739DA3}"
EndProject
Project("{FAE04EC0-301F-11D3-BF4B-00C04F79EFBC}") = "10.MarketingEmployees", "10.MarketingEmployees\10.MarketingEmployees.csproj", "{00F8708C-A25D-42C8-97A1-99216137B600}"
EndProject
Global
	GlobalSection(SolutionConfigurationPlatforms) = preSolution
		Debug|Any CPU = Debug|Any CPU
		Release|Any CPU = Release|Any CPU
	EndGlobalSection
	GlobalSection(ProjectConfigurationPlatforms) = postSolution
		{03E72DD6-4BA0-430A-900D-2B511C7BD2F7}.Debug|Any CPU.ActiveCfg = Debug|Any CPU
		{03E72DD6-4BA0-430A-900D-2B511C7BD2F7}.Debug|Any CPU.Build.0 = Debug|Any CPU
		{03E72DD6-4BA0-430A-900D-2B511C7BD2F7}.Release|Any CPU.ActiveCfg = Release|Any CPU
		{03E72DD6-4BA0-430A-900D-2B511C7BD2F7}.Release|Any CPU.Build.0 = Release|Any CPU
		{E1024F36-81C3-4D6E-99E6-B99F36BA81F0}.Debug|Any CPU.ActiveCfg = Debug|Any CPU
		{E1024F36-81C3-4D6E-99E6-B99F36BA81F0}.Debug|Any CPU.Build.0 = Debug|Any CPU
		{E1024F36-81C3-4D6E-99E6-B99F36BA81F0}.Release|Any CPU.ActiveCfg = Release|Any CPU
		{E1024F36-81C3-4D6E-99E6-B99F36BA81F0}.Release|Any CPU.Build.0 = Release|Any CPU
		{E2545A95-B44B-4EB3-96C8-19534E736D9C}.Debug|Any CPU.ActiveCfg = Debug|Any CPU
		{E2545A95-B44B-4EB3-96C8-19534E736D9C}.Debug|Any CPU.Build.0 = Debug|Any CPU
		{E2545A95-B44B-4EB3-96C8-19534E736D9C}.Release|Any CPU.ActiveCfg = Release|Any CPU
		{E2545A95-B44B-4EB3-96C8-19534E736D9C}.Release|Any CPU.Build.0 = Release|Any CPU
		{3918AED7-7F79-4482-A45D-1AA763D8E58E}.Debug|Any CPU.ActiveCfg = Debug|Any CPU
		{3918AED7-7F79-4482-A45D-1AA763D8E58E}.Debug|Any CPU.Build.0 = Debug|Any CPU
		{3918AED7-7F79-4482-A45D-1AA763D8E58E}.Release|Any CPU.ActiveCfg = Release|Any CPU
		{3918AED7-7F79-4482-A45D-1AA763D8E58E}.Release|Any CPU.Build.0 = Release|Any CPU
		{A7243AD6-0A75-4E6E-A594-32A86ED800A8}.Debug|Any CPU.ActiveCfg = Debug|Any CPU
		{A7243AD6-0A75-4E6E-A594-32A86ED800A8}.Debug|Any CPU.Build.0 = Debug|Any CPU
		{A7243AD6-0A75-4E6E-A594-32A86ED800A8}.Release|Any CPU.ActiveCfg = Release|Any CPU
		{A7243AD6-0A75-4E6E-A594-32A86ED800A8}.Release|Any CPU.Build.0 = Release|Any CPU
		{EC7AEC57-D160-4F6A-AD89-E5D57B72617B}.Debug|Any CPU.ActiveCfg = Debug|Any CPU
		{EC7AEC57-D160-4F6A-AD89-E5D57B72617B}.Debug|Any CPU.Build.0 = Debug|Any CPU
		{EC7AEC57-D160-4F6A-AD89-E5D57B72617B}.Release|Any CPU.ActiveCfg = Release|Any CPU
		{EC7AEC57-D160-4F6A-AD89-E5D57B72617B}.Release|Any CPU.Build.0 = Release|Any CPU
		{C1216264-A741-41AD-A92E-682163739DA3}.Debug|Any CPU.ActiveCfg = Debug|Any CPU
		{C1216264-A741-41AD-A92E-682163739DA3}.Debug|Any CPU.Build.0 = Debug|Any CPU
		{C1216264-A741-41AD-A92E-682163739DA3}.Release|Any CPU.ActiveCfg = Release|Any CPU
		{C1216264-A741-41AD-A92E-682163739DA3}.Release|Any CPU.Build.0 = Release|Any CPU
		{00F8708C-A25D-42C8-97A1-99216137B600}.Debug|Any CPU.ActiveCfg = Debug|Any CPU
		{00F8708C-A25D-42C8-97A1-99216137B600}.Debug|Any CPU.Build.0 = Debug|Any CPU
		{00F8708C-A25D-42C8-97A1-99216137B600}.Release|Any CPU.ActiveCfg = Release|Any CPU
		{00F8708C-A25D-42C8-97A1-99216137B600}.Release|Any CPU.Build.0 = Release|Any CPU
	EndGlobalSection
	GlobalSection(SolutionProperties) = preSolution
		HideSolutionNode = FALSE
	EndGlobalSection
EndGlobal
