
Microsoft Visual Studio Solution File, Format Version 11.00
# Visual Studio 2010
Project("{FAE04EC0-301F-11D3-BF4B-00C04F79EFBC}") = "Microsoft.ServiceModel.Interop", "Microsoft.ServiceModel.Interop\Microsoft.ServiceModel.Interop.csproj", "{EB912776-8C1C-4F34-A68E-5592621DD2A3}"
EndProject
Project("{FAE04EC0-301F-11D3-BF4B-00C04F79EFBC}") = "Microsoft.ServiceModel.Interop.Samples", "Microsoft.ServiceModel.Interop.Samples\Microsoft.ServiceModel.Interop.Samples.csproj", "{97E43522-58DF-44B2-999D-FDC5C977FB43}"
EndProject
Global
	GlobalSection(SubversionScc) = preSolution
		Svn-Managed = True
		Manager = AnkhSVN - Subversion Support for Visual Studio
	EndGlobalSection
	GlobalSection(TestCaseManagementSettings) = postSolution
		CategoryFile = Microsoft.ServiceModel.Interop.Extension.vsmdi
	EndGlobalSection
	GlobalSection(SolutionConfigurationPlatforms) = preSolution
		Debug|Any CPU = Debug|Any CPU
		Debug|Mixed Platforms = Debug|Mixed Platforms
		Debug|x86 = Debug|x86
		Release|Any CPU = Release|Any CPU
		Release|Mixed Platforms = Release|Mixed Platforms
		Release|x86 = Release|x86
	EndGlobalSection
	GlobalSection(ProjectConfigurationPlatforms) = postSolution
		{EB912776-8C1C-4F34-A68E-5592621DD2A3}.Debug|Any CPU.ActiveCfg = Debug|Any CPU
		{EB912776-8C1C-4F34-A68E-5592621DD2A3}.Debug|Any CPU.Build.0 = Debug|Any CPU
		{EB912776-8C1C-4F34-A68E-5592621DD2A3}.Debug|Mixed Platforms.ActiveCfg = Debug|Any CPU
		{EB912776-8C1C-4F34-A68E-5592621DD2A3}.Debug|Mixed Platforms.Build.0 = Debug|Any CPU
		{EB912776-8C1C-4F34-A68E-5592621DD2A3}.Debug|x86.ActiveCfg = Debug|Any CPU
		{EB912776-8C1C-4F34-A68E-5592621DD2A3}.Release|Any CPU.ActiveCfg = Release|Any CPU
		{EB912776-8C1C-4F34-A68E-5592621DD2A3}.Release|Any CPU.Build.0 = Release|Any CPU
		{EB912776-8C1C-4F34-A68E-5592621DD2A3}.Release|Mixed Platforms.ActiveCfg = Release|Any CPU
		{EB912776-8C1C-4F34-A68E-5592621DD2A3}.Release|Mixed Platforms.Build.0 = Release|Any CPU
		{EB912776-8C1C-4F34-A68E-5592621DD2A3}.Release|x86.ActiveCfg = Release|Any CPU
		{97E43522-58DF-44B2-999D-FDC5C977FB43}.Debug|Any CPU.ActiveCfg = Debug|x86
		{97E43522-58DF-44B2-999D-FDC5C977FB43}.Debug|Mixed Platforms.ActiveCfg = Debug|x86
		{97E43522-58DF-44B2-999D-FDC5C977FB43}.Debug|Mixed Platforms.Build.0 = Debug|x86
		{97E43522-58DF-44B2-999D-FDC5C977FB43}.Debug|x86.ActiveCfg = Debug|x86
		{97E43522-58DF-44B2-999D-FDC5C977FB43}.Debug|x86.Build.0 = Debug|x86
		{97E43522-58DF-44B2-999D-FDC5C977FB43}.Release|Any CPU.ActiveCfg = Release|x86
		{97E43522-58DF-44B2-999D-FDC5C977FB43}.Release|Mixed Platforms.ActiveCfg = Release|x86
		{97E43522-58DF-44B2-999D-FDC5C977FB43}.Release|Mixed Platforms.Build.0 = Release|x86
		{97E43522-58DF-44B2-999D-FDC5C977FB43}.Release|x86.ActiveCfg = Release|x86
		{97E43522-58DF-44B2-999D-FDC5C977FB43}.Release|x86.Build.0 = Release|x86
	EndGlobalSection
	GlobalSection(SolutionProperties) = preSolution
		HideSolutionNode = FALSE
	EndGlobalSection
EndGlobal
