
Microsoft Visual Studio Solution File, Format Version 12.00
# Visual Studio 2013
VisualStudioVersion = 12.0.21005.1
MinimumVisualStudioVersion = 10.0.40219.1
Project("{FAE04EC0-301F-11D3-BF4B-00C04F79EFBC}") = "CoffeeMachine", "CoffeeMachine\CoffeeMachine.csproj", "{4811ABE5-8963-49C1-8AC1-EB3127454A71}"
EndProject
Project("{FAE04EC0-301F-11D3-BF4B-00C04F79EFBC}") = "DrunkenNumbers", "DrunkenNumbers\DrunkenNumbers.csproj", "{202993F1-FD95-41D6-B90E-FE38FD58263C}"
EndProject
Project("{FAE04EC0-301F-11D3-BF4B-00C04F79EFBC}") = "BullsAndCows", "BullsAndCows\BullsAndCows.csproj", "{053BF4BE-389B-4E59-A5EF-97BDF94C0B04}"
EndProject
Project("{FAE04EC0-301F-11D3-BF4B-00C04F79EFBC}") = "Fire", "Fire\Fire.csproj", "{C3BDA892-9B35-4051-813C-45CF2AACD1BD}"
EndProject
Project("{FAE04EC0-301F-11D3-BF4B-00C04F79EFBC}") = "NeuronMapping", "NeuronMapping\NeuronMapping.csproj", "{1109DC90-D7A0-42D1-8A62-9C65AE6F3BA3}"
EndProject
Global
	GlobalSection(SolutionConfigurationPlatforms) = preSolution
		Debug|Any CPU = Debug|Any CPU
		Release|Any CPU = Release|Any CPU
	EndGlobalSection
	GlobalSection(ProjectConfigurationPlatforms) = postSolution
		{4811ABE5-8963-49C1-8AC1-EB3127454A71}.Debug|Any CPU.ActiveCfg = Debug|Any CPU
		{4811ABE5-8963-49C1-8AC1-EB3127454A71}.Debug|Any CPU.Build.0 = Debug|Any CPU
		{4811ABE5-8963-49C1-8AC1-EB3127454A71}.Release|Any CPU.ActiveCfg = Release|Any CPU
		{4811ABE5-8963-49C1-8AC1-EB3127454A71}.Release|Any CPU.Build.0 = Release|Any CPU
		{202993F1-FD95-41D6-B90E-FE38FD58263C}.Debug|Any CPU.ActiveCfg = Debug|Any CPU
		{202993F1-FD95-41D6-B90E-FE38FD58263C}.Debug|Any CPU.Build.0 = Debug|Any CPU
		{202993F1-FD95-41D6-B90E-FE38FD58263C}.Release|Any CPU.ActiveCfg = Release|Any CPU
		{202993F1-FD95-41D6-B90E-FE38FD58263C}.Release|Any CPU.Build.0 = Release|Any CPU
		{053BF4BE-389B-4E59-A5EF-97BDF94C0B04}.Debug|Any CPU.ActiveCfg = Debug|Any CPU
		{053BF4BE-389B-4E59-A5EF-97BDF94C0B04}.Debug|Any CPU.Build.0 = Debug|Any CPU
		{053BF4BE-389B-4E59-A5EF-97BDF94C0B04}.Release|Any CPU.ActiveCfg = Release|Any CPU
		{053BF4BE-389B-4E59-A5EF-97BDF94C0B04}.Release|Any CPU.Build.0 = Release|Any CPU
		{C3BDA892-9B35-4051-813C-45CF2AACD1BD}.Debug|Any CPU.ActiveCfg = Debug|Any CPU
		{C3BDA892-9B35-4051-813C-45CF2AACD1BD}.Debug|Any CPU.Build.0 = Debug|Any CPU
		{C3BDA892-9B35-4051-813C-45CF2AACD1BD}.Release|Any CPU.ActiveCfg = Release|Any CPU
		{C3BDA892-9B35-4051-813C-45CF2AACD1BD}.Release|Any CPU.Build.0 = Release|Any CPU
		{1109DC90-D7A0-42D1-8A62-9C65AE6F3BA3}.Debug|Any CPU.ActiveCfg = Debug|Any CPU
		{1109DC90-D7A0-42D1-8A62-9C65AE6F3BA3}.Debug|Any CPU.Build.0 = Debug|Any CPU
		{1109DC90-D7A0-42D1-8A62-9C65AE6F3BA3}.Release|Any CPU.ActiveCfg = Release|Any CPU
		{1109DC90-D7A0-42D1-8A62-9C65AE6F3BA3}.Release|Any CPU.Build.0 = Release|Any CPU
	EndGlobalSection
	GlobalSection(SolutionProperties) = preSolution
		HideSolutionNode = FALSE
	EndGlobalSection
EndGlobal
