
Microsoft Visual Studio Solution File, Format Version 12.00
# Visual Studio 2013
VisualStudioVersion = 12.0.21005.1
MinimumVisualStudioVersion = 10.0.40219.1
Project("{FAE04EC0-301F-11D3-BF4B-00C04F79EFBC}") = "01.SumOfIntegers", "01.SumOfIntegers\01.SumOfIntegers.csproj", "{EC05053C-87DC-4A2F-9ED5-66EB220405A1}"
EndProject
Project("{FAE04EC0-301F-11D3-BF4B-00C04F79EFBC}") = "02.CircleRadiusPerimer", "02.CircleRadiusPerimer\02.CircleRadiusPerimer.csproj", "{2F92FDD4-9437-403A-8460-C4C8141662D7}"
EndProject
Project("{FAE04EC0-301F-11D3-BF4B-00C04F79EFBC}") = "03.CompanyAndManager", "03.CompanyAndManager\03.CompanyAndManager.csproj", "{57ADDC7C-3257-4D36-8E73-471B4CC88F97}"
EndProject
Project("{FAE04EC0-301F-11D3-BF4B-00C04F79EFBC}") = "04.DivisionBy5", "04.DivisionBy5\04.DivisionBy5.csproj", "{B22B7F10-5E4D-4C3F-B5C9-ED171B4FB737}"
EndProject
Project("{FAE04EC0-301F-11D3-BF4B-00C04F79EFBC}") = "05.GreaterFromTwoNumbers", "05.GreaterFromTwoNumbers\05.GreaterFromTwoNumbers.csproj", "{68DB8189-0626-45A8-99E9-BAF9E14B4C8A}"
EndProject
Global
	GlobalSection(SolutionConfigurationPlatforms) = preSolution
		Debug|Any CPU = Debug|Any CPU
		Release|Any CPU = Release|Any CPU
	EndGlobalSection
	GlobalSection(ProjectConfigurationPlatforms) = postSolution
		{EC05053C-87DC-4A2F-9ED5-66EB220405A1}.Debug|Any CPU.ActiveCfg = Debug|Any CPU
		{EC05053C-87DC-4A2F-9ED5-66EB220405A1}.Debug|Any CPU.Build.0 = Debug|Any CPU
		{EC05053C-87DC-4A2F-9ED5-66EB220405A1}.Release|Any CPU.ActiveCfg = Release|Any CPU
		{EC05053C-87DC-4A2F-9ED5-66EB220405A1}.Release|Any CPU.Build.0 = Release|Any CPU
		{2F92FDD4-9437-403A-8460-C4C8141662D7}.Debug|Any CPU.ActiveCfg = Debug|Any CPU
		{2F92FDD4-9437-403A-8460-C4C8141662D7}.Debug|Any CPU.Build.0 = Debug|Any CPU
		{2F92FDD4-9437-403A-8460-C4C8141662D7}.Release|Any CPU.ActiveCfg = Release|Any CPU
		{2F92FDD4-9437-403A-8460-C4C8141662D7}.Release|Any CPU.Build.0 = Release|Any CPU
		{57ADDC7C-3257-4D36-8E73-471B4CC88F97}.Debug|Any CPU.ActiveCfg = Debug|Any CPU
		{57ADDC7C-3257-4D36-8E73-471B4CC88F97}.Debug|Any CPU.Build.0 = Debug|Any CPU
		{57ADDC7C-3257-4D36-8E73-471B4CC88F97}.Release|Any CPU.ActiveCfg = Release|Any CPU
		{57ADDC7C-3257-4D36-8E73-471B4CC88F97}.Release|Any CPU.Build.0 = Release|Any CPU
		{B22B7F10-5E4D-4C3F-B5C9-ED171B4FB737}.Debug|Any CPU.ActiveCfg = Debug|Any CPU
		{B22B7F10-5E4D-4C3F-B5C9-ED171B4FB737}.Debug|Any CPU.Build.0 = Debug|Any CPU
		{B22B7F10-5E4D-4C3F-B5C9-ED171B4FB737}.Release|Any CPU.ActiveCfg = Release|Any CPU
		{B22B7F10-5E4D-4C3F-B5C9-ED171B4FB737}.Release|Any CPU.Build.0 = Release|Any CPU
		{68DB8189-0626-45A8-99E9-BAF9E14B4C8A}.Debug|Any CPU.ActiveCfg = Debug|Any CPU
		{68DB8189-0626-45A8-99E9-BAF9E14B4C8A}.Debug|Any CPU.Build.0 = Debug|Any CPU
		{68DB8189-0626-45A8-99E9-BAF9E14B4C8A}.Release|Any CPU.ActiveCfg = Release|Any CPU
		{68DB8189-0626-45A8-99E9-BAF9E14B4C8A}.Release|Any CPU.Build.0 = Release|Any CPU
	EndGlobalSection
	GlobalSection(SolutionProperties) = preSolution
		HideSolutionNode = FALSE
	EndGlobalSection
EndGlobal
