
Microsoft Visual Studio Solution File, Format Version 11.00
# Visual Studio 2010
Project("{FAE04EC0-301F-11D3-BF4B-00C04F79EFBC}") = "GameOfLife", "GameOfLife\GameOfLife.csproj", "{8E461459-3DFA-44C5-A4D6-430CE6693B0B}"
EndProject
Project("{2150E333-8FDC-42A3-9474-1A3956D46DE8}") = "Solution Items", "Solution Items", "{F4C7DDDF-3E79-4DBF-BECE-B62551617851}"
	ProjectSection(SolutionItems) = preProject
		GameOfLife.vsmdi = GameOfLife.vsmdi
	EndProjectSection
EndProject
Project("{FAE04EC0-301F-11D3-BF4B-00C04F79EFBC}") = "GameOfLifeTest", "GameOfLifeTest\GameOfLifeTest.csproj", "{16695F21-BADD-4927-825E-FF48E98417D2}"
EndProject
Global
	GlobalSection(TestCaseManagementSettings) = postSolution
		CategoryFile = GameOfLife.vsmdi
	EndGlobalSection
	GlobalSection(SolutionConfigurationPlatforms) = preSolution
		Debug|Any CPU = Debug|Any CPU
		Debug|Mixed Platforms = Debug|Mixed Platforms
		Debug|x86 = Debug|x86
		Release|Any CPU = Release|Any CPU
		Release|Mixed Platforms = Release|Mixed Platforms
		Release|x86 = Release|x86
	EndGlobalSection
	GlobalSection(ProjectConfigurationPlatforms) = postSolution
		{8E461459-3DFA-44C5-A4D6-430CE6693B0B}.Debug|Any CPU.ActiveCfg = Debug|x86
		{8E461459-3DFA-44C5-A4D6-430CE6693B0B}.Debug|Mixed Platforms.ActiveCfg = Debug|x86
		{8E461459-3DFA-44C5-A4D6-430CE6693B0B}.Debug|Mixed Platforms.Build.0 = Debug|x86
		{8E461459-3DFA-44C5-A4D6-430CE6693B0B}.Debug|x86.ActiveCfg = Debug|x86
		{8E461459-3DFA-44C5-A4D6-430CE6693B0B}.Debug|x86.Build.0 = Debug|x86
		{8E461459-3DFA-44C5-A4D6-430CE6693B0B}.Release|Any CPU.ActiveCfg = Release|x86
		{8E461459-3DFA-44C5-A4D6-430CE6693B0B}.Release|Mixed Platforms.ActiveCfg = Release|x86
		{8E461459-3DFA-44C5-A4D6-430CE6693B0B}.Release|Mixed Platforms.Build.0 = Release|x86
		{8E461459-3DFA-44C5-A4D6-430CE6693B0B}.Release|x86.ActiveCfg = Release|x86
		{8E461459-3DFA-44C5-A4D6-430CE6693B0B}.Release|x86.Build.0 = Release|x86
		{16695F21-BADD-4927-825E-FF48E98417D2}.Debug|Any CPU.ActiveCfg = Debug|Any CPU
		{16695F21-BADD-4927-825E-FF48E98417D2}.Debug|Any CPU.Build.0 = Debug|Any CPU
		{16695F21-BADD-4927-825E-FF48E98417D2}.Debug|Mixed Platforms.ActiveCfg = Debug|Any CPU
		{16695F21-BADD-4927-825E-FF48E98417D2}.Debug|Mixed Platforms.Build.0 = Debug|Any CPU
		{16695F21-BADD-4927-825E-FF48E98417D2}.Debug|x86.ActiveCfg = Debug|Any CPU
		{16695F21-BADD-4927-825E-FF48E98417D2}.Release|Any CPU.ActiveCfg = Release|Any CPU
		{16695F21-BADD-4927-825E-FF48E98417D2}.Release|Any CPU.Build.0 = Release|Any CPU
		{16695F21-BADD-4927-825E-FF48E98417D2}.Release|Mixed Platforms.ActiveCfg = Release|Any CPU
		{16695F21-BADD-4927-825E-FF48E98417D2}.Release|Mixed Platforms.Build.0 = Release|Any CPU
		{16695F21-BADD-4927-825E-FF48E98417D2}.Release|x86.ActiveCfg = Release|Any CPU
	EndGlobalSection
	GlobalSection(SolutionProperties) = preSolution
		HideSolutionNode = FALSE
	EndGlobalSection
EndGlobal
