
Microsoft Visual Studio Solution File, Format Version 12.00
# Visual Studio 2012
Project("{FAE04EC0-301F-11D3-BF4B-00C04F79EFBC}") = "02.HelloCSharp", "02.HelloCSharp\02.HelloCSharp.csproj", "{FABE2790-772F-468B-AEF5-A66C099BDFD7}"
EndProject
Project("{FAE04EC0-301F-11D3-BF4B-00C04F79EFBC}") = "03.PrintMyName", "03.PrintMyName\03.PrintMyName.csproj", "{41C53D4E-4F79-4EE3-B86B-D6793344C187}"
EndProject
Project("{FAE04EC0-301F-11D3-BF4B-00C04F79EFBC}") = "04.PrintTheNumbers", "04.PrintTheNumbers\04.PrintTheNumbers.csproj", "{B430038E-E9B9-4E5C-BAA9-3313E6D8CA17}"
EndProject
Project("{FAE04EC0-301F-11D3-BF4B-00C04F79EFBC}") = "06.PrintFirstLastName", "06.PrintFirstLastName\06.PrintFirstLastName.csproj", "{0E334F3C-368D-4F5C-A209-E8A39A70307A}"
EndProject
Project("{FAE04EC0-301F-11D3-BF4B-00C04F79EFBC}") = "07.CurrentDateTime", "07.CurrentDateTime\07.CurrentDateTime.csproj", "{42E7D433-BBEF-4CB3-8C6D-1ADC18AF20E8}"
EndProject
Project("{FAE04EC0-301F-11D3-BF4B-00C04F79EFBC}") = "08.Square12345", "08.Square12345\08.Square12345.csproj", "{4B8A6A21-0F08-40AF-B4DA-C697B9C536CE}"
EndProject
Project("{FAE04EC0-301F-11D3-BF4B-00C04F79EFBC}") = "09.NumberSequence", "09.NumberSequence\09.NumberSequence.csproj", "{9F58C8DC-14FC-4582-8EFC-5F5B3A9253CD}"
EndProject
Project("{FAE04EC0-301F-11D3-BF4B-00C04F79EFBC}") = "12.AgeCalculator", "12.AgeCalculator\12.AgeCalculator.csproj", "{7F159215-9CAC-4205-B06A-B8A565245439}"
EndProject
Global
	GlobalSection(SolutionConfigurationPlatforms) = preSolution
		Debug|Any CPU = Debug|Any CPU
		Release|Any CPU = Release|Any CPU
	EndGlobalSection
	GlobalSection(ProjectConfigurationPlatforms) = postSolution
		{FABE2790-772F-468B-AEF5-A66C099BDFD7}.Debug|Any CPU.ActiveCfg = Debug|Any CPU
		{FABE2790-772F-468B-AEF5-A66C099BDFD7}.Debug|Any CPU.Build.0 = Debug|Any CPU
		{FABE2790-772F-468B-AEF5-A66C099BDFD7}.Release|Any CPU.ActiveCfg = Release|Any CPU
		{FABE2790-772F-468B-AEF5-A66C099BDFD7}.Release|Any CPU.Build.0 = Release|Any CPU
		{41C53D4E-4F79-4EE3-B86B-D6793344C187}.Debug|Any CPU.ActiveCfg = Debug|Any CPU
		{41C53D4E-4F79-4EE3-B86B-D6793344C187}.Debug|Any CPU.Build.0 = Debug|Any CPU
		{41C53D4E-4F79-4EE3-B86B-D6793344C187}.Release|Any CPU.ActiveCfg = Release|Any CPU
		{41C53D4E-4F79-4EE3-B86B-D6793344C187}.Release|Any CPU.Build.0 = Release|Any CPU
		{B430038E-E9B9-4E5C-BAA9-3313E6D8CA17}.Debug|Any CPU.ActiveCfg = Debug|Any CPU
		{B430038E-E9B9-4E5C-BAA9-3313E6D8CA17}.Debug|Any CPU.Build.0 = Debug|Any CPU
		{B430038E-E9B9-4E5C-BAA9-3313E6D8CA17}.Release|Any CPU.ActiveCfg = Release|Any CPU
		{B430038E-E9B9-4E5C-BAA9-3313E6D8CA17}.Release|Any CPU.Build.0 = Release|Any CPU
		{0E334F3C-368D-4F5C-A209-E8A39A70307A}.Debug|Any CPU.ActiveCfg = Debug|Any CPU
		{0E334F3C-368D-4F5C-A209-E8A39A70307A}.Debug|Any CPU.Build.0 = Debug|Any CPU
		{0E334F3C-368D-4F5C-A209-E8A39A70307A}.Release|Any CPU.ActiveCfg = Release|Any CPU
		{0E334F3C-368D-4F5C-A209-E8A39A70307A}.Release|Any CPU.Build.0 = Release|Any CPU
		{42E7D433-BBEF-4CB3-8C6D-1ADC18AF20E8}.Debug|Any CPU.ActiveCfg = Debug|Any CPU
		{42E7D433-BBEF-4CB3-8C6D-1ADC18AF20E8}.Debug|Any CPU.Build.0 = Debug|Any CPU
		{42E7D433-BBEF-4CB3-8C6D-1ADC18AF20E8}.Release|Any CPU.ActiveCfg = Release|Any CPU
		{42E7D433-BBEF-4CB3-8C6D-1ADC18AF20E8}.Release|Any CPU.Build.0 = Release|Any CPU
		{4B8A6A21-0F08-40AF-B4DA-C697B9C536CE}.Debug|Any CPU.ActiveCfg = Debug|Any CPU
		{4B8A6A21-0F08-40AF-B4DA-C697B9C536CE}.Debug|Any CPU.Build.0 = Debug|Any CPU
		{4B8A6A21-0F08-40AF-B4DA-C697B9C536CE}.Release|Any CPU.ActiveCfg = Release|Any CPU
		{4B8A6A21-0F08-40AF-B4DA-C697B9C536CE}.Release|Any CPU.Build.0 = Release|Any CPU
		{9F58C8DC-14FC-4582-8EFC-5F5B3A9253CD}.Debug|Any CPU.ActiveCfg = Debug|Any CPU
		{9F58C8DC-14FC-4582-8EFC-5F5B3A9253CD}.Debug|Any CPU.Build.0 = Debug|Any CPU
		{9F58C8DC-14FC-4582-8EFC-5F5B3A9253CD}.Release|Any CPU.ActiveCfg = Release|Any CPU
		{9F58C8DC-14FC-4582-8EFC-5F5B3A9253CD}.Release|Any CPU.Build.0 = Release|Any CPU
		{7F159215-9CAC-4205-B06A-B8A565245439}.Debug|Any CPU.ActiveCfg = Debug|Any CPU
		{7F159215-9CAC-4205-B06A-B8A565245439}.Debug|Any CPU.Build.0 = Debug|Any CPU
		{7F159215-9CAC-4205-B06A-B8A565245439}.Release|Any CPU.ActiveCfg = Release|Any CPU
		{7F159215-9CAC-4205-B06A-B8A565245439}.Release|Any CPU.Build.0 = Release|Any CPU
	EndGlobalSection
	GlobalSection(SolutionProperties) = preSolution
		HideSolutionNode = FALSE
	EndGlobalSection
EndGlobal
