Microsoft Visual Studio Solution File, Format Version 11.00
# Visual C# Express 2010
Project("{FAE04EC0-301F-11D3-BF4B-00C04F79EFBC}") = "1. Math Expression", "1. Math Expression\1. Math Expression.csproj", "{9FD9A688-1495-40D6-9001-F32A37D25DC4}"
EndProject
Project("{FAE04EC0-301F-11D3-BF4B-00C04F79EFBC}") = "2. Least Majority Multiple", "2. Least Majority Multiple\2. Least Majority Multiple.csproj", "{7FAB09CB-C8F5-46CF-83D3-521F48EA4661}"
EndProject
Project("{FAE04EC0-301F-11D3-BF4B-00C04F79EFBC}") = "3. Trapezoid", "3. Trapezoid\3. Trapezoid.csproj", "{B75F3055-87ED-4BC1-82B0-200CE27E7CF9}"
EndProject
Project("{FAE04EC0-301F-11D3-BF4B-00C04F79EFBC}") = "4. Odd Number", "4. Odd Number\4. Odd Number.csproj", "{2B7F9362-94C3-48CF-AF05-64DDE2188168}"
EndProject
Project("{FAE04EC0-301F-11D3-BF4B-00C04F79EFBC}") = "5. Fall Down", "5. Fall Down\5. Fall Down.csproj", "{8AE82376-54DE-4617-9CF1-13C3CB538720}"
EndProject
Project("{FAE04EC0-301F-11D3-BF4B-00C04F79EFBC}") = "1. Ship Damage", "1. Ship Damage\1. Ship Damage.csproj", "{0E600482-52D6-4F6D-8CEA-EC2754ED3FC5}"
EndProject
Project("{FAE04EC0-301F-11D3-BF4B-00C04F79EFBC}") = "2. Tribonacci", "2. Tribonacci\2. Tribonacci.csproj", "{002DE5B4-40A7-47BE-AD8B-0E990C741191}"
EndProject
Project("{FAE04EC0-301F-11D3-BF4B-00C04F79EFBC}") = "3. Fir Tree", "3. Fir Tree\3. Fir Tree.csproj", "{02547CEB-2EF7-45ED-9706-6E3B0C42D3E7}"
EndProject
Project("{FAE04EC0-301F-11D3-BF4B-00C04F79EFBC}") = "4. We All Love Bits", "4. We All Love Bits\4. We All Love Bits.csproj", "{883DA7F5-A1B6-4E9F-88ED-87E558FE3748}"
EndProject
Project("{FAE04EC0-301F-11D3-BF4B-00C04F79EFBC}") = "5. Pillars", "5. Pillars\5. Pillars.csproj", "{69B28FF5-339F-4387-AED5-49AA05B82022}"
EndProject
Project("{FAE04EC0-301F-11D3-BF4B-00C04F79EFBC}") = "4. Telerik Logo", "4. Telerik Logo\4. Telerik Logo.csproj", "{779D0FF2-19C0-445C-A241-3CD929C44D76}"
EndProject
Project("{FAE04EC0-301F-11D3-BF4B-00C04F79EFBC}") = "1. Sevenland Numbers", "1. Sevenland Numbers\1. Sevenland Numbers.csproj", "{9DC9BA30-1B6B-4162-B507-FA8FDC803517}"
EndProject
Project("{FAE04EC0-301F-11D3-BF4B-00C04F79EFBC}") = "2. A-nacci", "2. A-nacci\2. A-nacci.csproj", "{5474D02F-C170-4E77-B528-91F266F3E959}"
EndProject
Global
	GlobalSection(SolutionConfigurationPlatforms) = preSolution
		Debug|Any CPU = Debug|Any CPU
		Debug|Mixed Platforms = Debug|Mixed Platforms
		Debug|x86 = Debug|x86
		Release|Any CPU = Release|Any CPU
		Release|Mixed Platforms = Release|Mixed Platforms
		Release|x86 = Release|x86
	EndGlobalSection
	GlobalSection(ProjectConfigurationPlatforms) = postSolution
		{9FD9A688-1495-40D6-9001-F32A37D25DC4}.Debug|Any CPU.ActiveCfg = Debug|Any CPU
		{9FD9A688-1495-40D6-9001-F32A37D25DC4}.Debug|Any CPU.Build.0 = Debug|Any CPU
		{9FD9A688-1495-40D6-9001-F32A37D25DC4}.Debug|Mixed Platforms.ActiveCfg = Debug|Any CPU
		{9FD9A688-1495-40D6-9001-F32A37D25DC4}.Debug|Mixed Platforms.Build.0 = Debug|Any CPU
		{9FD9A688-1495-40D6-9001-F32A37D25DC4}.Debug|x86.ActiveCfg = Debug|Any CPU
		{9FD9A688-1495-40D6-9001-F32A37D25DC4}.Release|Any CPU.ActiveCfg = Release|Any CPU
		{9FD9A688-1495-40D6-9001-F32A37D25DC4}.Release|Any CPU.Build.0 = Release|Any CPU
		{9FD9A688-1495-40D6-9001-F32A37D25DC4}.Release|Mixed Platforms.ActiveCfg = Release|Any CPU
		{9FD9A688-1495-40D6-9001-F32A37D25DC4}.Release|Mixed Platforms.Build.0 = Release|Any CPU
		{9FD9A688-1495-40D6-9001-F32A37D25DC4}.Release|x86.ActiveCfg = Release|Any CPU
		{7FAB09CB-C8F5-46CF-83D3-521F48EA4661}.Debug|Any CPU.ActiveCfg = Debug|Any CPU
		{7FAB09CB-C8F5-46CF-83D3-521F48EA4661}.Debug|Any CPU.Build.0 = Debug|Any CPU
		{7FAB09CB-C8F5-46CF-83D3-521F48EA4661}.Debug|Mixed Platforms.ActiveCfg = Debug|Any CPU
		{7FAB09CB-C8F5-46CF-83D3-521F48EA4661}.Debug|Mixed Platforms.Build.0 = Debug|Any CPU
		{7FAB09CB-C8F5-46CF-83D3-521F48EA4661}.Debug|x86.ActiveCfg = Debug|Any CPU
		{7FAB09CB-C8F5-46CF-83D3-521F48EA4661}.Release|Any CPU.ActiveCfg = Release|Any CPU
		{7FAB09CB-C8F5-46CF-83D3-521F48EA4661}.Release|Any CPU.Build.0 = Release|Any CPU
		{7FAB09CB-C8F5-46CF-83D3-521F48EA4661}.Release|Mixed Platforms.ActiveCfg = Release|Any CPU
		{7FAB09CB-C8F5-46CF-83D3-521F48EA4661}.Release|Mixed Platforms.Build.0 = Release|Any CPU
		{7FAB09CB-C8F5-46CF-83D3-521F48EA4661}.Release|x86.ActiveCfg = Release|Any CPU
		{B75F3055-87ED-4BC1-82B0-200CE27E7CF9}.Debug|Any CPU.ActiveCfg = Debug|Any CPU
		{B75F3055-87ED-4BC1-82B0-200CE27E7CF9}.Debug|Any CPU.Build.0 = Debug|Any CPU
		{B75F3055-87ED-4BC1-82B0-200CE27E7CF9}.Debug|Mixed Platforms.ActiveCfg = Debug|Any CPU
		{B75F3055-87ED-4BC1-82B0-200CE27E7CF9}.Debug|Mixed Platforms.Build.0 = Debug|Any CPU
		{B75F3055-87ED-4BC1-82B0-200CE27E7CF9}.Debug|x86.ActiveCfg = Debug|Any CPU
		{B75F3055-87ED-4BC1-82B0-200CE27E7CF9}.Release|Any CPU.ActiveCfg = Release|Any CPU
		{B75F3055-87ED-4BC1-82B0-200CE27E7CF9}.Release|Any CPU.Build.0 = Release|Any CPU
		{B75F3055-87ED-4BC1-82B0-200CE27E7CF9}.Release|Mixed Platforms.ActiveCfg = Release|Any CPU
		{B75F3055-87ED-4BC1-82B0-200CE27E7CF9}.Release|Mixed Platforms.Build.0 = Release|Any CPU
		{B75F3055-87ED-4BC1-82B0-200CE27E7CF9}.Release|x86.ActiveCfg = Release|Any CPU
		{2B7F9362-94C3-48CF-AF05-64DDE2188168}.Debug|Any CPU.ActiveCfg = Debug|Any CPU
		{2B7F9362-94C3-48CF-AF05-64DDE2188168}.Debug|Any CPU.Build.0 = Debug|Any CPU
		{2B7F9362-94C3-48CF-AF05-64DDE2188168}.Debug|Mixed Platforms.ActiveCfg = Debug|Any CPU
		{2B7F9362-94C3-48CF-AF05-64DDE2188168}.Debug|Mixed Platforms.Build.0 = Debug|Any CPU
		{2B7F9362-94C3-48CF-AF05-64DDE2188168}.Debug|x86.ActiveCfg = Debug|Any CPU
		{2B7F9362-94C3-48CF-AF05-64DDE2188168}.Release|Any CPU.ActiveCfg = Release|Any CPU
		{2B7F9362-94C3-48CF-AF05-64DDE2188168}.Release|Any CPU.Build.0 = Release|Any CPU
		{2B7F9362-94C3-48CF-AF05-64DDE2188168}.Release|Mixed Platforms.ActiveCfg = Release|Any CPU
		{2B7F9362-94C3-48CF-AF05-64DDE2188168}.Release|Mixed Platforms.Build.0 = Release|Any CPU
		{2B7F9362-94C3-48CF-AF05-64DDE2188168}.Release|x86.ActiveCfg = Release|Any CPU
		{8AE82376-54DE-4617-9CF1-13C3CB538720}.Debug|Any CPU.ActiveCfg = Debug|Any CPU
		{8AE82376-54DE-4617-9CF1-13C3CB538720}.Debug|Any CPU.Build.0 = Debug|Any CPU
		{8AE82376-54DE-4617-9CF1-13C3CB538720}.Debug|Mixed Platforms.ActiveCfg = Debug|Any CPU
		{8AE82376-54DE-4617-9CF1-13C3CB538720}.Debug|Mixed Platforms.Build.0 = Debug|Any CPU
		{8AE82376-54DE-4617-9CF1-13C3CB538720}.Debug|x86.ActiveCfg = Debug|Any CPU
		{8AE82376-54DE-4617-9CF1-13C3CB538720}.Release|Any CPU.ActiveCfg = Release|Any CPU
		{8AE82376-54DE-4617-9CF1-13C3CB538720}.Release|Any CPU.Build.0 = Release|Any CPU
		{8AE82376-54DE-4617-9CF1-13C3CB538720}.Release|Mixed Platforms.ActiveCfg = Release|Any CPU
		{8AE82376-54DE-4617-9CF1-13C3CB538720}.Release|Mixed Platforms.Build.0 = Release|Any CPU
		{8AE82376-54DE-4617-9CF1-13C3CB538720}.Release|x86.ActiveCfg = Release|Any CPU
		{0E600482-52D6-4F6D-8CEA-EC2754ED3FC5}.Debug|Any CPU.ActiveCfg = Debug|Any CPU
		{0E600482-52D6-4F6D-8CEA-EC2754ED3FC5}.Debug|Any CPU.Build.0 = Debug|Any CPU
		{0E600482-52D6-4F6D-8CEA-EC2754ED3FC5}.Debug|Mixed Platforms.ActiveCfg = Debug|Any CPU
		{0E600482-52D6-4F6D-8CEA-EC2754ED3FC5}.Debug|Mixed Platforms.Build.0 = Debug|Any CPU
		{0E600482-52D6-4F6D-8CEA-EC2754ED3FC5}.Debug|x86.ActiveCfg = Debug|Any CPU
		{0E600482-52D6-4F6D-8CEA-EC2754ED3FC5}.Release|Any CPU.ActiveCfg = Release|Any CPU
		{0E600482-52D6-4F6D-8CEA-EC2754ED3FC5}.Release|Any CPU.Build.0 = Release|Any CPU
		{0E600482-52D6-4F6D-8CEA-EC2754ED3FC5}.Release|Mixed Platforms.ActiveCfg = Release|Any CPU
		{0E600482-52D6-4F6D-8CEA-EC2754ED3FC5}.Release|Mixed Platforms.Build.0 = Release|Any CPU
		{0E600482-52D6-4F6D-8CEA-EC2754ED3FC5}.Release|x86.ActiveCfg = Release|Any CPU
		{002DE5B4-40A7-47BE-AD8B-0E990C741191}.Debug|Any CPU.ActiveCfg = Debug|Any CPU
		{002DE5B4-40A7-47BE-AD8B-0E990C741191}.Debug|Any CPU.Build.0 = Debug|Any CPU
		{002DE5B4-40A7-47BE-AD8B-0E990C741191}.Debug|Mixed Platforms.ActiveCfg = Debug|Any CPU
		{002DE5B4-40A7-47BE-AD8B-0E990C741191}.Debug|Mixed Platforms.Build.0 = Debug|Any CPU
		{002DE5B4-40A7-47BE-AD8B-0E990C741191}.Debug|x86.ActiveCfg = Debug|Any CPU
		{002DE5B4-40A7-47BE-AD8B-0E990C741191}.Release|Any CPU.ActiveCfg = Release|Any CPU
		{002DE5B4-40A7-47BE-AD8B-0E990C741191}.Release|Any CPU.Build.0 = Release|Any CPU
		{002DE5B4-40A7-47BE-AD8B-0E990C741191}.Release|Mixed Platforms.ActiveCfg = Release|Any CPU
		{002DE5B4-40A7-47BE-AD8B-0E990C741191}.Release|Mixed Platforms.Build.0 = Release|Any CPU
		{002DE5B4-40A7-47BE-AD8B-0E990C741191}.Release|x86.ActiveCfg = Release|Any CPU
		{02547CEB-2EF7-45ED-9706-6E3B0C42D3E7}.Debug|Any CPU.ActiveCfg = Debug|x86
		{02547CEB-2EF7-45ED-9706-6E3B0C42D3E7}.Debug|Mixed Platforms.ActiveCfg = Debug|x86
		{02547CEB-2EF7-45ED-9706-6E3B0C42D3E7}.Debug|Mixed Platforms.Build.0 = Debug|x86
		{02547CEB-2EF7-45ED-9706-6E3B0C42D3E7}.Debug|x86.ActiveCfg = Debug|x86
		{02547CEB-2EF7-45ED-9706-6E3B0C42D3E7}.Debug|x86.Build.0 = Debug|x86
		{02547CEB-2EF7-45ED-9706-6E3B0C42D3E7}.Release|Any CPU.ActiveCfg = Release|x86
		{02547CEB-2EF7-45ED-9706-6E3B0C42D3E7}.Release|Mixed Platforms.ActiveCfg = Release|x86
		{02547CEB-2EF7-45ED-9706-6E3B0C42D3E7}.Release|Mixed Platforms.Build.0 = Release|x86
		{02547CEB-2EF7-45ED-9706-6E3B0C42D3E7}.Release|x86.ActiveCfg = Release|x86
		{02547CEB-2EF7-45ED-9706-6E3B0C42D3E7}.Release|x86.Build.0 = Release|x86
		{883DA7F5-A1B6-4E9F-88ED-87E558FE3748}.Debug|Any CPU.ActiveCfg = Debug|x86
		{883DA7F5-A1B6-4E9F-88ED-87E558FE3748}.Debug|Mixed Platforms.ActiveCfg = Debug|x86
		{883DA7F5-A1B6-4E9F-88ED-87E558FE3748}.Debug|Mixed Platforms.Build.0 = Debug|x86
		{883DA7F5-A1B6-4E9F-88ED-87E558FE3748}.Debug|x86.ActiveCfg = Debug|x86
		{883DA7F5-A1B6-4E9F-88ED-87E558FE3748}.Debug|x86.Build.0 = Debug|x86
		{883DA7F5-A1B6-4E9F-88ED-87E558FE3748}.Release|Any CPU.ActiveCfg = Release|x86
		{883DA7F5-A1B6-4E9F-88ED-87E558FE3748}.Release|Mixed Platforms.ActiveCfg = Release|x86
		{883DA7F5-A1B6-4E9F-88ED-87E558FE3748}.Release|Mixed Platforms.Build.0 = Release|x86
		{883DA7F5-A1B6-4E9F-88ED-87E558FE3748}.Release|x86.ActiveCfg = Release|x86
		{883DA7F5-A1B6-4E9F-88ED-87E558FE3748}.Release|x86.Build.0 = Release|x86
		{69B28FF5-339F-4387-AED5-49AA05B82022}.Debug|Any CPU.ActiveCfg = Debug|x86
		{69B28FF5-339F-4387-AED5-49AA05B82022}.Debug|Mixed Platforms.ActiveCfg = Debug|x86
		{69B28FF5-339F-4387-AED5-49AA05B82022}.Debug|Mixed Platforms.Build.0 = Debug|x86
		{69B28FF5-339F-4387-AED5-49AA05B82022}.Debug|x86.ActiveCfg = Debug|x86
		{69B28FF5-339F-4387-AED5-49AA05B82022}.Debug|x86.Build.0 = Debug|x86
		{69B28FF5-339F-4387-AED5-49AA05B82022}.Release|Any CPU.ActiveCfg = Release|x86
		{69B28FF5-339F-4387-AED5-49AA05B82022}.Release|Mixed Platforms.ActiveCfg = Release|x86
		{69B28FF5-339F-4387-AED5-49AA05B82022}.Release|Mixed Platforms.Build.0 = Release|x86
		{69B28FF5-339F-4387-AED5-49AA05B82022}.Release|x86.ActiveCfg = Release|x86
		{69B28FF5-339F-4387-AED5-49AA05B82022}.Release|x86.Build.0 = Release|x86
		{779D0FF2-19C0-445C-A241-3CD929C44D76}.Debug|Any CPU.ActiveCfg = Debug|Any CPU
		{779D0FF2-19C0-445C-A241-3CD929C44D76}.Debug|Any CPU.Build.0 = Debug|Any CPU
		{779D0FF2-19C0-445C-A241-3CD929C44D76}.Debug|Mixed Platforms.ActiveCfg = Debug|Any CPU
		{779D0FF2-19C0-445C-A241-3CD929C44D76}.Debug|Mixed Platforms.Build.0 = Debug|Any CPU
		{779D0FF2-19C0-445C-A241-3CD929C44D76}.Debug|x86.ActiveCfg = Debug|Any CPU
		{779D0FF2-19C0-445C-A241-3CD929C44D76}.Release|Any CPU.ActiveCfg = Release|Any CPU
		{779D0FF2-19C0-445C-A241-3CD929C44D76}.Release|Any CPU.Build.0 = Release|Any CPU
		{779D0FF2-19C0-445C-A241-3CD929C44D76}.Release|Mixed Platforms.ActiveCfg = Release|Any CPU
		{779D0FF2-19C0-445C-A241-3CD929C44D76}.Release|Mixed Platforms.Build.0 = Release|Any CPU
		{779D0FF2-19C0-445C-A241-3CD929C44D76}.Release|x86.ActiveCfg = Release|Any CPU
		{9DC9BA30-1B6B-4162-B507-FA8FDC803517}.Debug|Any CPU.ActiveCfg = Debug|x86
		{9DC9BA30-1B6B-4162-B507-FA8FDC803517}.Debug|Mixed Platforms.ActiveCfg = Debug|x86
		{9DC9BA30-1B6B-4162-B507-FA8FDC803517}.Debug|Mixed Platforms.Build.0 = Debug|x86
		{9DC9BA30-1B6B-4162-B507-FA8FDC803517}.Debug|x86.ActiveCfg = Debug|x86
		{9DC9BA30-1B6B-4162-B507-FA8FDC803517}.Debug|x86.Build.0 = Debug|x86
		{9DC9BA30-1B6B-4162-B507-FA8FDC803517}.Release|Any CPU.ActiveCfg = Release|x86
		{9DC9BA30-1B6B-4162-B507-FA8FDC803517}.Release|Mixed Platforms.ActiveCfg = Release|x86
		{9DC9BA30-1B6B-4162-B507-FA8FDC803517}.Release|Mixed Platforms.Build.0 = Release|x86
		{9DC9BA30-1B6B-4162-B507-FA8FDC803517}.Release|x86.ActiveCfg = Release|x86
		{9DC9BA30-1B6B-4162-B507-FA8FDC803517}.Release|x86.Build.0 = Release|x86
		{5474D02F-C170-4E77-B528-91F266F3E959}.Debug|Any CPU.ActiveCfg = Debug|x86
		{5474D02F-C170-4E77-B528-91F266F3E959}.Debug|Mixed Platforms.ActiveCfg = Debug|x86
		{5474D02F-C170-4E77-B528-91F266F3E959}.Debug|Mixed Platforms.Build.0 = Debug|x86
		{5474D02F-C170-4E77-B528-91F266F3E959}.Debug|x86.ActiveCfg = Debug|x86
		{5474D02F-C170-4E77-B528-91F266F3E959}.Debug|x86.Build.0 = Debug|x86
		{5474D02F-C170-4E77-B528-91F266F3E959}.Release|Any CPU.ActiveCfg = Release|x86
		{5474D02F-C170-4E77-B528-91F266F3E959}.Release|Mixed Platforms.ActiveCfg = Release|x86
		{5474D02F-C170-4E77-B528-91F266F3E959}.Release|Mixed Platforms.Build.0 = Release|x86
		{5474D02F-C170-4E77-B528-91F266F3E959}.Release|x86.ActiveCfg = Release|x86
		{5474D02F-C170-4E77-B528-91F266F3E959}.Release|x86.Build.0 = Release|x86
	EndGlobalSection
	GlobalSection(SolutionProperties) = preSolution
		HideSolutionNode = FALSE
	EndGlobalSection
EndGlobal
