
Microsoft Visual Studio Solution File, Format Version 12.00
# Visual Studio 2013
VisualStudioVersion = 12.0.30501.0
MinimumVisualStudioVersion = 10.0.40219.1
Project("{FAE04EC0-301F-11D3-BF4B-00C04F79EFBC}") = "CarRental.Data.Contracts", "CarRental.Data.Contracts\CarRental.Data.Contracts.csproj", "{F938D48C-FDF4-4B16-87A9-60D8FCEBCE72}"
EndProject
Project("{FAE04EC0-301F-11D3-BF4B-00C04F79EFBC}") = "CarRental.Data", "CarRental.Data\CarRental.Data.csproj", "{10020C50-0F7D-4EB5-B894-102E53FC61CE}"
EndProject
Project("{FAE04EC0-301F-11D3-BF4B-00C04F79EFBC}") = "CarRental.Business", "CarRental.Business\CarRental.Business.csproj", "{8094A7AF-34D5-4C49-BB03-8B98F796C861}"
EndProject
Project("{FAE04EC0-301F-11D3-BF4B-00C04F79EFBC}") = "CarRental.Business.Contracts", "CarRental.Business.Contracts\CarRental.Business.Contracts.csproj", "{0533F605-E855-48B2-B428-C3872CB0D4AA}"
EndProject
Project("{FAE04EC0-301F-11D3-BF4B-00C04F79EFBC}") = "CarRental.Business.Common", "CarRental.Business.Common\CarRental.Business.Common.csproj", "{FA146BF5-979A-4D43-905F-C36050A8B3A2}"
EndProject
Project("{FAE04EC0-301F-11D3-BF4B-00C04F79EFBC}") = "CarRental.Business.Entities", "CarRental.Business.Entities\CarRental.Business.Entities.csproj", "{8C08456C-6506-4630-844B-9230A7B630A4}"
EndProject
Project("{2150E333-8FDC-42A3-9474-1A3956D46DE8}") = "Resource Access", "Resource Access", "{1ED2E12B-4EA6-43AC-A91A-BA1FC262CCF4}"
EndProject
Project("{2150E333-8FDC-42A3-9474-1A3956D46DE8}") = "Business", "Business", "{22306342-D7E1-48C1-8DA2-3A4C08693070}"
EndProject
Project("{FAE04EC0-301F-11D3-BF4B-00C04F79EFBC}") = "CarRental.Business.Bootstrapper", "CarRental.Business.Bootstrapper\CarRental.Business.Bootstrapper.csproj", "{9D1687B7-ACCB-48BA-9662-ED1095FBEE84}"
EndProject
Project("{FAE04EC0-301F-11D3-BF4B-00C04F79EFBC}") = "CarRental.Business.Managers", "CarRental.Business.Managers\CarRental.Business.Managers.csproj", "{42D1E973-63DF-4987-B7A3-055C5D749728}"
EndProject
Project("{2150E333-8FDC-42A3-9474-1A3956D46DE8}") = "Client", "Client", "{3E3F4DE1-8470-4344-A956-3641E11EB1EF}"
EndProject
Project("{FAE04EC0-301F-11D3-BF4B-00C04F79EFBC}") = "CarRental.Client.Entities", "CarRental.Client.Entities\CarRental.Client.Entities.csproj", "{1E201E0E-E913-4FBF-9C78-5A8EC57F176B}"
EndProject
Project("{FAE04EC0-301F-11D3-BF4B-00C04F79EFBC}") = "CarRental.Client.Contracts", "CarRental.Client.Contracts\CarRental.Client.Contracts.csproj", "{FB31E6AC-E4EB-4B06-A860-99F4B8102A08}"
EndProject
Project("{FAE04EC0-301F-11D3-BF4B-00C04F79EFBC}") = "CarRental.Client.Proxies", "CarRental.Client.Proxies\CarRental.Client.Proxies.csproj", "{99995783-EB5E-48CC-AA60-255905C8BD6A}"
EndProject
Project("{FAE04EC0-301F-11D3-BF4B-00C04F79EFBC}") = "CarRental.Common", "CarRental.Common\CarRental.Common.csproj", "{B3E73806-D11B-4C40-8ED9-A326A2B7E507}"
EndProject
Project("{2150E333-8FDC-42A3-9474-1A3956D46DE8}") = "Common", "Common", "{308966BD-C2E1-4602-8F2B-E932F0759D09}"
EndProject
Project("{FAE04EC0-301F-11D3-BF4B-00C04F79EFBC}") = "CarRental.Common.Contracts", "CarRental.Common.Contracts\CarRental.Common.Contracts.csproj", "{EF9ADBDE-08CD-48AA-A835-4935CDB26C27}"
EndProject
Project("{2150E333-8FDC-42A3-9474-1A3956D46DE8}") = "Core", "Core", "{495C867F-D3AB-483A-9D7F-D99BFCCBD153}"
EndProject
Project("{FAE04EC0-301F-11D3-BF4B-00C04F79EFBC}") = "Core.Common", "..\Core\Core.Common\Core.Common.csproj", "{F6BCFF98-A714-4B7B-978F-23D812D1744A}"
EndProject
Project("{FAE04EC0-301F-11D3-BF4B-00C04F79EFBC}") = "Core.Common.Contracts", "..\Core\Core.Common.Contracts\Core.Common.Contracts.csproj", "{5F9B5530-F150-4BF0-9D07-0AD8A4C6EF7D}"
EndProject
Project("{FAE04EC0-301F-11D3-BF4B-00C04F79EFBC}") = "Core.Common.ServiceModel", "..\Core\Core.Common.ServiceModel\Core.Common.ServiceModel.csproj", "{73FBE0BF-9DB9-498E-8AEF-68210104D0C1}"
EndProject
Project("{FAE04EC0-301F-11D3-BF4B-00C04F79EFBC}") = "Core.Common.UI", "..\Core\Core.Common.UI\Core.Common.UI.csproj", "{5DF27A6C-2466-4BAA-B379-90D3D60AD5BA}"
EndProject
Project("{2150E333-8FDC-42A3-9474-1A3956D46DE8}") = "Tests", "Tests", "{FAC3586D-B623-4C3D-815B-4E8EBC8AF0FC}"
EndProject
Project("{2150E333-8FDC-42A3-9474-1A3956D46DE8}") = "Hosting", "Hosting", "{145F8229-87D9-45A1-8138-FDA0C94BAFD7}"
EndProject
Project("{FAE04EC0-301F-11D3-BF4B-00C04F79EFBC}") = "CarRental.Admin", "CarRental.Admin\CarRental.Admin.csproj", "{B613FE76-E57D-4C45-874C-23F3FCAD23A4}"
EndProject
Project("{FAE04EC0-301F-11D3-BF4B-00C04F79EFBC}") = "CarRental.ServiceHost.Console", "CarRental.ServiceHost.Console\CarRental.ServiceHost.Console.csproj", "{1B6CEFAA-9B84-4838-8F5E-9733F1B5A260}"
EndProject
Project("{2150E333-8FDC-42A3-9474-1A3956D46DE8}") = "Notes", "Notes", "{8A687762-15C1-4EB8-A82D-1A3608A16100}"
	ProjectSection(SolutionItems) = preProject
		..\..\..\Docs\App Description.txt = ..\..\..\Docs\App Description.txt
		Core User Processes.txt = Core User Processes.txt
		..\..\..\Docs\Technologies Used.txt = ..\..\..\Docs\Technologies Used.txt
		..\..\..\..\..\Docs\vNext.txt = ..\..\..\..\..\Docs\vNext.txt
	EndProjectSection
EndProject
Project("{FAE04EC0-301F-11D3-BF4B-00C04F79EFBC}") = "CarRental.Business.Managers.Tests", "CarRental.Business.Managers.Tests\CarRental.Business.Managers.Tests.csproj", "{280046D5-06A2-4DEA-90E3-9201BA7BC021}"
EndProject
Project("{FAE04EC0-301F-11D3-BF4B-00C04F79EFBC}") = "CarRental.Data.Tests", "CarRental.Data.Tests\CarRental.Data.Tests.csproj", "{618C60FF-6322-471B-AED4-E4CBA3C3B216}"
EndProject
Project("{FAE04EC0-301F-11D3-BF4B-00C04F79EFBC}") = "CarRental.Business.Tests", "CarRental.Business.Tests\CarRental.Business.Tests.csproj", "{66969B4B-9212-4E91-8C3A-FF07C8C7AF58}"
EndProject
Project("{FAE04EC0-301F-11D3-BF4B-00C04F79EFBC}") = "CarRental.Admin.Tests", "CarRental.Admin.Tests\CarRental.Admin.Tests.csproj", "{FAF28808-698C-481D-82E6-F38F7E8810E0}"
EndProject
Project("{FAE04EC0-301F-11D3-BF4B-00C04F79EFBC}") = "Core.Common.Tests", "..\Core\Core.Common.Tests\Core.Common.Tests.csproj", "{3492A5CB-8CB5-46FF-B307-FB6B85D594B1}"
EndProject
Project("{FAE04EC0-301F-11D3-BF4B-00C04F79EFBC}") = "Core.Common.UI.Tests", "..\Core\Core.Common.UI.Tests\Core.Common.UI.Tests.csproj", "{E2D4AE9F-521D-4D6D-8C95-FDA6C1CACB40}"
EndProject
Project("{FAE04EC0-301F-11D3-BF4B-00C04F79EFBC}") = "CarRental.Client.Bootstrapper", "CarRental.Client.Bootstrapper\CarRental.Client.Bootstrapper.csproj", "{42F37CC3-3C28-493B-9517-83EF00C8C5F2}"
EndProject
Project("{FAE04EC0-301F-11D3-BF4B-00C04F79EFBC}") = "CarRental.ServiceHost.Tests", "CarRental.ServiceHost.Tests\CarRental.ServiceHost.Tests.csproj", "{03733757-9077-4F83-8941-F145C95123D7}"
EndProject
Project("{FAE04EC0-301F-11D3-BF4B-00C04F79EFBC}") = "CarRental.Client.Proxies.Tests", "CarRental.Client.Proxies.Tests\CarRental.Client.Proxies.Tests.csproj", "{08614490-769B-4703-B2E9-641EB5D1FFF4}"
EndProject
Project("{2150E333-8FDC-42A3-9474-1A3956D46DE8}") = ".nuget", ".nuget", "{3F7137FD-FA71-4842-BF46-D1006C618EF1}"
	ProjectSection(SolutionItems) = preProject
		.nuget\NuGet.Config = .nuget\NuGet.Config
		.nuget\NuGet.exe = .nuget\NuGet.exe
		.nuget\NuGet.targets = .nuget\NuGet.targets
	EndProjectSection
EndProject
Project("{FAE04EC0-301F-11D3-BF4B-00C04F79EFBC}") = "CarRental.Web-Ng", "CarRental.Web-Ng\CarRental.Web-Ng.csproj", "{AF3F15A5-4747-418A-A311-10E5A79D08B0}"
EndProject
Project("{FAE04EC0-301F-11D3-BF4B-00C04F79EFBC}") = "CarRental.Web-Ng.Tests", "CarRental.Web-Ng.Tests\CarRental.Web-Ng.Tests.csproj", "{CCBCE2D9-41B1-4B17-AF98-42870D951A58}"
EndProject
Global
	GlobalSection(SolutionConfigurationPlatforms) = preSolution
		Debug|Any CPU = Debug|Any CPU
		Release|Any CPU = Release|Any CPU
	EndGlobalSection
	GlobalSection(ProjectConfigurationPlatforms) = postSolution
		{F938D48C-FDF4-4B16-87A9-60D8FCEBCE72}.Debug|Any CPU.ActiveCfg = Debug|Any CPU
		{F938D48C-FDF4-4B16-87A9-60D8FCEBCE72}.Debug|Any CPU.Build.0 = Debug|Any CPU
		{F938D48C-FDF4-4B16-87A9-60D8FCEBCE72}.Release|Any CPU.ActiveCfg = Release|Any CPU
		{F938D48C-FDF4-4B16-87A9-60D8FCEBCE72}.Release|Any CPU.Build.0 = Release|Any CPU
		{10020C50-0F7D-4EB5-B894-102E53FC61CE}.Debug|Any CPU.ActiveCfg = Debug|Any CPU
		{10020C50-0F7D-4EB5-B894-102E53FC61CE}.Debug|Any CPU.Build.0 = Debug|Any CPU
		{10020C50-0F7D-4EB5-B894-102E53FC61CE}.Release|Any CPU.ActiveCfg = Release|Any CPU
		{10020C50-0F7D-4EB5-B894-102E53FC61CE}.Release|Any CPU.Build.0 = Release|Any CPU
		{8094A7AF-34D5-4C49-BB03-8B98F796C861}.Debug|Any CPU.ActiveCfg = Debug|Any CPU
		{8094A7AF-34D5-4C49-BB03-8B98F796C861}.Debug|Any CPU.Build.0 = Debug|Any CPU
		{8094A7AF-34D5-4C49-BB03-8B98F796C861}.Release|Any CPU.ActiveCfg = Release|Any CPU
		{8094A7AF-34D5-4C49-BB03-8B98F796C861}.Release|Any CPU.Build.0 = Release|Any CPU
		{0533F605-E855-48B2-B428-C3872CB0D4AA}.Debug|Any CPU.ActiveCfg = Debug|Any CPU
		{0533F605-E855-48B2-B428-C3872CB0D4AA}.Debug|Any CPU.Build.0 = Debug|Any CPU
		{0533F605-E855-48B2-B428-C3872CB0D4AA}.Release|Any CPU.ActiveCfg = Release|Any CPU
		{0533F605-E855-48B2-B428-C3872CB0D4AA}.Release|Any CPU.Build.0 = Release|Any CPU
		{FA146BF5-979A-4D43-905F-C36050A8B3A2}.Debug|Any CPU.ActiveCfg = Debug|Any CPU
		{FA146BF5-979A-4D43-905F-C36050A8B3A2}.Debug|Any CPU.Build.0 = Debug|Any CPU
		{FA146BF5-979A-4D43-905F-C36050A8B3A2}.Release|Any CPU.ActiveCfg = Release|Any CPU
		{FA146BF5-979A-4D43-905F-C36050A8B3A2}.Release|Any CPU.Build.0 = Release|Any CPU
		{8C08456C-6506-4630-844B-9230A7B630A4}.Debug|Any CPU.ActiveCfg = Debug|Any CPU
		{8C08456C-6506-4630-844B-9230A7B630A4}.Debug|Any CPU.Build.0 = Debug|Any CPU
		{8C08456C-6506-4630-844B-9230A7B630A4}.Release|Any CPU.ActiveCfg = Release|Any CPU
		{8C08456C-6506-4630-844B-9230A7B630A4}.Release|Any CPU.Build.0 = Release|Any CPU
		{9D1687B7-ACCB-48BA-9662-ED1095FBEE84}.Debug|Any CPU.ActiveCfg = Debug|Any CPU
		{9D1687B7-ACCB-48BA-9662-ED1095FBEE84}.Debug|Any CPU.Build.0 = Debug|Any CPU
		{9D1687B7-ACCB-48BA-9662-ED1095FBEE84}.Release|Any CPU.ActiveCfg = Release|Any CPU
		{9D1687B7-ACCB-48BA-9662-ED1095FBEE84}.Release|Any CPU.Build.0 = Release|Any CPU
		{42D1E973-63DF-4987-B7A3-055C5D749728}.Debug|Any CPU.ActiveCfg = Debug|Any CPU
		{42D1E973-63DF-4987-B7A3-055C5D749728}.Debug|Any CPU.Build.0 = Debug|Any CPU
		{42D1E973-63DF-4987-B7A3-055C5D749728}.Release|Any CPU.ActiveCfg = Release|Any CPU
		{42D1E973-63DF-4987-B7A3-055C5D749728}.Release|Any CPU.Build.0 = Release|Any CPU
		{1E201E0E-E913-4FBF-9C78-5A8EC57F176B}.Debug|Any CPU.ActiveCfg = Debug|Any CPU
		{1E201E0E-E913-4FBF-9C78-5A8EC57F176B}.Debug|Any CPU.Build.0 = Debug|Any CPU
		{1E201E0E-E913-4FBF-9C78-5A8EC57F176B}.Release|Any CPU.ActiveCfg = Release|Any CPU
		{1E201E0E-E913-4FBF-9C78-5A8EC57F176B}.Release|Any CPU.Build.0 = Release|Any CPU
		{FB31E6AC-E4EB-4B06-A860-99F4B8102A08}.Debug|Any CPU.ActiveCfg = Debug|Any CPU
		{FB31E6AC-E4EB-4B06-A860-99F4B8102A08}.Debug|Any CPU.Build.0 = Debug|Any CPU
		{FB31E6AC-E4EB-4B06-A860-99F4B8102A08}.Release|Any CPU.ActiveCfg = Release|Any CPU
		{FB31E6AC-E4EB-4B06-A860-99F4B8102A08}.Release|Any CPU.Build.0 = Release|Any CPU
		{99995783-EB5E-48CC-AA60-255905C8BD6A}.Debug|Any CPU.ActiveCfg = Debug|Any CPU
		{99995783-EB5E-48CC-AA60-255905C8BD6A}.Debug|Any CPU.Build.0 = Debug|Any CPU
		{99995783-EB5E-48CC-AA60-255905C8BD6A}.Release|Any CPU.ActiveCfg = Release|Any CPU
		{99995783-EB5E-48CC-AA60-255905C8BD6A}.Release|Any CPU.Build.0 = Release|Any CPU
		{B3E73806-D11B-4C40-8ED9-A326A2B7E507}.Debug|Any CPU.ActiveCfg = Debug|Any CPU
		{B3E73806-D11B-4C40-8ED9-A326A2B7E507}.Debug|Any CPU.Build.0 = Debug|Any CPU
		{B3E73806-D11B-4C40-8ED9-A326A2B7E507}.Release|Any CPU.ActiveCfg = Release|Any CPU
		{B3E73806-D11B-4C40-8ED9-A326A2B7E507}.Release|Any CPU.Build.0 = Release|Any CPU
		{EF9ADBDE-08CD-48AA-A835-4935CDB26C27}.Debug|Any CPU.ActiveCfg = Debug|Any CPU
		{EF9ADBDE-08CD-48AA-A835-4935CDB26C27}.Debug|Any CPU.Build.0 = Debug|Any CPU
		{EF9ADBDE-08CD-48AA-A835-4935CDB26C27}.Release|Any CPU.ActiveCfg = Release|Any CPU
		{EF9ADBDE-08CD-48AA-A835-4935CDB26C27}.Release|Any CPU.Build.0 = Release|Any CPU
		{F6BCFF98-A714-4B7B-978F-23D812D1744A}.Debug|Any CPU.ActiveCfg = Debug|Any CPU
		{F6BCFF98-A714-4B7B-978F-23D812D1744A}.Debug|Any CPU.Build.0 = Debug|Any CPU
		{F6BCFF98-A714-4B7B-978F-23D812D1744A}.Release|Any CPU.ActiveCfg = Release|Any CPU
		{F6BCFF98-A714-4B7B-978F-23D812D1744A}.Release|Any CPU.Build.0 = Release|Any CPU
		{5F9B5530-F150-4BF0-9D07-0AD8A4C6EF7D}.Debug|Any CPU.ActiveCfg = Debug|Any CPU
		{5F9B5530-F150-4BF0-9D07-0AD8A4C6EF7D}.Debug|Any CPU.Build.0 = Debug|Any CPU
		{5F9B5530-F150-4BF0-9D07-0AD8A4C6EF7D}.Release|Any CPU.ActiveCfg = Release|Any CPU
		{5F9B5530-F150-4BF0-9D07-0AD8A4C6EF7D}.Release|Any CPU.Build.0 = Release|Any CPU
		{73FBE0BF-9DB9-498E-8AEF-68210104D0C1}.Debug|Any CPU.ActiveCfg = Debug|Any CPU
		{73FBE0BF-9DB9-498E-8AEF-68210104D0C1}.Debug|Any CPU.Build.0 = Debug|Any CPU
		{73FBE0BF-9DB9-498E-8AEF-68210104D0C1}.Release|Any CPU.ActiveCfg = Release|Any CPU
		{73FBE0BF-9DB9-498E-8AEF-68210104D0C1}.Release|Any CPU.Build.0 = Release|Any CPU
		{5DF27A6C-2466-4BAA-B379-90D3D60AD5BA}.Debug|Any CPU.ActiveCfg = Debug|Any CPU
		{5DF27A6C-2466-4BAA-B379-90D3D60AD5BA}.Debug|Any CPU.Build.0 = Debug|Any CPU
		{5DF27A6C-2466-4BAA-B379-90D3D60AD5BA}.Release|Any CPU.ActiveCfg = Release|Any CPU
		{5DF27A6C-2466-4BAA-B379-90D3D60AD5BA}.Release|Any CPU.Build.0 = Release|Any CPU
		{B613FE76-E57D-4C45-874C-23F3FCAD23A4}.Debug|Any CPU.ActiveCfg = Debug|Any CPU
		{B613FE76-E57D-4C45-874C-23F3FCAD23A4}.Debug|Any CPU.Build.0 = Debug|Any CPU
		{B613FE76-E57D-4C45-874C-23F3FCAD23A4}.Release|Any CPU.ActiveCfg = Release|Any CPU
		{B613FE76-E57D-4C45-874C-23F3FCAD23A4}.Release|Any CPU.Build.0 = Release|Any CPU
		{1B6CEFAA-9B84-4838-8F5E-9733F1B5A260}.Debug|Any CPU.ActiveCfg = Debug|Any CPU
		{1B6CEFAA-9B84-4838-8F5E-9733F1B5A260}.Debug|Any CPU.Build.0 = Debug|Any CPU
		{1B6CEFAA-9B84-4838-8F5E-9733F1B5A260}.Release|Any CPU.ActiveCfg = Release|Any CPU
		{1B6CEFAA-9B84-4838-8F5E-9733F1B5A260}.Release|Any CPU.Build.0 = Release|Any CPU
		{280046D5-06A2-4DEA-90E3-9201BA7BC021}.Debug|Any CPU.ActiveCfg = Debug|Any CPU
		{280046D5-06A2-4DEA-90E3-9201BA7BC021}.Debug|Any CPU.Build.0 = Debug|Any CPU
		{280046D5-06A2-4DEA-90E3-9201BA7BC021}.Release|Any CPU.ActiveCfg = Release|Any CPU
		{280046D5-06A2-4DEA-90E3-9201BA7BC021}.Release|Any CPU.Build.0 = Release|Any CPU
		{618C60FF-6322-471B-AED4-E4CBA3C3B216}.Debug|Any CPU.ActiveCfg = Debug|Any CPU
		{618C60FF-6322-471B-AED4-E4CBA3C3B216}.Debug|Any CPU.Build.0 = Debug|Any CPU
		{618C60FF-6322-471B-AED4-E4CBA3C3B216}.Release|Any CPU.ActiveCfg = Release|Any CPU
		{618C60FF-6322-471B-AED4-E4CBA3C3B216}.Release|Any CPU.Build.0 = Release|Any CPU
		{66969B4B-9212-4E91-8C3A-FF07C8C7AF58}.Debug|Any CPU.ActiveCfg = Debug|Any CPU
		{66969B4B-9212-4E91-8C3A-FF07C8C7AF58}.Debug|Any CPU.Build.0 = Debug|Any CPU
		{66969B4B-9212-4E91-8C3A-FF07C8C7AF58}.Release|Any CPU.ActiveCfg = Release|Any CPU
		{66969B4B-9212-4E91-8C3A-FF07C8C7AF58}.Release|Any CPU.Build.0 = Release|Any CPU
		{FAF28808-698C-481D-82E6-F38F7E8810E0}.Debug|Any CPU.ActiveCfg = Debug|Any CPU
		{FAF28808-698C-481D-82E6-F38F7E8810E0}.Debug|Any CPU.Build.0 = Debug|Any CPU
		{FAF28808-698C-481D-82E6-F38F7E8810E0}.Release|Any CPU.ActiveCfg = Release|Any CPU
		{FAF28808-698C-481D-82E6-F38F7E8810E0}.Release|Any CPU.Build.0 = Release|Any CPU
		{3492A5CB-8CB5-46FF-B307-FB6B85D594B1}.Debug|Any CPU.ActiveCfg = Debug|Any CPU
		{3492A5CB-8CB5-46FF-B307-FB6B85D594B1}.Debug|Any CPU.Build.0 = Debug|Any CPU
		{3492A5CB-8CB5-46FF-B307-FB6B85D594B1}.Release|Any CPU.ActiveCfg = Release|Any CPU
		{3492A5CB-8CB5-46FF-B307-FB6B85D594B1}.Release|Any CPU.Build.0 = Release|Any CPU
		{E2D4AE9F-521D-4D6D-8C95-FDA6C1CACB40}.Debug|Any CPU.ActiveCfg = Debug|Any CPU
		{E2D4AE9F-521D-4D6D-8C95-FDA6C1CACB40}.Debug|Any CPU.Build.0 = Debug|Any CPU
		{E2D4AE9F-521D-4D6D-8C95-FDA6C1CACB40}.Release|Any CPU.ActiveCfg = Release|Any CPU
		{E2D4AE9F-521D-4D6D-8C95-FDA6C1CACB40}.Release|Any CPU.Build.0 = Release|Any CPU
		{42F37CC3-3C28-493B-9517-83EF00C8C5F2}.Debug|Any CPU.ActiveCfg = Debug|Any CPU
		{42F37CC3-3C28-493B-9517-83EF00C8C5F2}.Debug|Any CPU.Build.0 = Debug|Any CPU
		{42F37CC3-3C28-493B-9517-83EF00C8C5F2}.Release|Any CPU.ActiveCfg = Release|Any CPU
		{42F37CC3-3C28-493B-9517-83EF00C8C5F2}.Release|Any CPU.Build.0 = Release|Any CPU
		{03733757-9077-4F83-8941-F145C95123D7}.Debug|Any CPU.ActiveCfg = Debug|Any CPU
		{03733757-9077-4F83-8941-F145C95123D7}.Debug|Any CPU.Build.0 = Debug|Any CPU
		{03733757-9077-4F83-8941-F145C95123D7}.Release|Any CPU.ActiveCfg = Release|Any CPU
		{03733757-9077-4F83-8941-F145C95123D7}.Release|Any CPU.Build.0 = Release|Any CPU
		{08614490-769B-4703-B2E9-641EB5D1FFF4}.Debug|Any CPU.ActiveCfg = Debug|Any CPU
		{08614490-769B-4703-B2E9-641EB5D1FFF4}.Debug|Any CPU.Build.0 = Debug|Any CPU
		{08614490-769B-4703-B2E9-641EB5D1FFF4}.Release|Any CPU.ActiveCfg = Release|Any CPU
		{08614490-769B-4703-B2E9-641EB5D1FFF4}.Release|Any CPU.Build.0 = Release|Any CPU
		{AF3F15A5-4747-418A-A311-10E5A79D08B0}.Debug|Any CPU.ActiveCfg = Debug|Any CPU
		{AF3F15A5-4747-418A-A311-10E5A79D08B0}.Debug|Any CPU.Build.0 = Debug|Any CPU
		{AF3F15A5-4747-418A-A311-10E5A79D08B0}.Release|Any CPU.ActiveCfg = Release|Any CPU
		{AF3F15A5-4747-418A-A311-10E5A79D08B0}.Release|Any CPU.Build.0 = Release|Any CPU
		{CCBCE2D9-41B1-4B17-AF98-42870D951A58}.Debug|Any CPU.ActiveCfg = Debug|Any CPU
		{CCBCE2D9-41B1-4B17-AF98-42870D951A58}.Debug|Any CPU.Build.0 = Debug|Any CPU
		{CCBCE2D9-41B1-4B17-AF98-42870D951A58}.Release|Any CPU.ActiveCfg = Release|Any CPU
		{CCBCE2D9-41B1-4B17-AF98-42870D951A58}.Release|Any CPU.Build.0 = Release|Any CPU
	EndGlobalSection
	GlobalSection(SolutionProperties) = preSolution
		HideSolutionNode = FALSE
	EndGlobalSection
	GlobalSection(NestedProjects) = preSolution
		{F938D48C-FDF4-4B16-87A9-60D8FCEBCE72} = {1ED2E12B-4EA6-43AC-A91A-BA1FC262CCF4}
		{10020C50-0F7D-4EB5-B894-102E53FC61CE} = {1ED2E12B-4EA6-43AC-A91A-BA1FC262CCF4}
		{8094A7AF-34D5-4C49-BB03-8B98F796C861} = {22306342-D7E1-48C1-8DA2-3A4C08693070}
		{0533F605-E855-48B2-B428-C3872CB0D4AA} = {22306342-D7E1-48C1-8DA2-3A4C08693070}
		{FA146BF5-979A-4D43-905F-C36050A8B3A2} = {22306342-D7E1-48C1-8DA2-3A4C08693070}
		{8C08456C-6506-4630-844B-9230A7B630A4} = {22306342-D7E1-48C1-8DA2-3A4C08693070}
		{9D1687B7-ACCB-48BA-9662-ED1095FBEE84} = {22306342-D7E1-48C1-8DA2-3A4C08693070}
		{42D1E973-63DF-4987-B7A3-055C5D749728} = {22306342-D7E1-48C1-8DA2-3A4C08693070}
		{1E201E0E-E913-4FBF-9C78-5A8EC57F176B} = {3E3F4DE1-8470-4344-A956-3641E11EB1EF}
		{FB31E6AC-E4EB-4B06-A860-99F4B8102A08} = {3E3F4DE1-8470-4344-A956-3641E11EB1EF}
		{99995783-EB5E-48CC-AA60-255905C8BD6A} = {3E3F4DE1-8470-4344-A956-3641E11EB1EF}
		{B3E73806-D11B-4C40-8ED9-A326A2B7E507} = {308966BD-C2E1-4602-8F2B-E932F0759D09}
		{EF9ADBDE-08CD-48AA-A835-4935CDB26C27} = {308966BD-C2E1-4602-8F2B-E932F0759D09}
		{F6BCFF98-A714-4B7B-978F-23D812D1744A} = {495C867F-D3AB-483A-9D7F-D99BFCCBD153}
		{5F9B5530-F150-4BF0-9D07-0AD8A4C6EF7D} = {495C867F-D3AB-483A-9D7F-D99BFCCBD153}
		{73FBE0BF-9DB9-498E-8AEF-68210104D0C1} = {495C867F-D3AB-483A-9D7F-D99BFCCBD153}
		{5DF27A6C-2466-4BAA-B379-90D3D60AD5BA} = {495C867F-D3AB-483A-9D7F-D99BFCCBD153}
		{B613FE76-E57D-4C45-874C-23F3FCAD23A4} = {145F8229-87D9-45A1-8138-FDA0C94BAFD7}
		{1B6CEFAA-9B84-4838-8F5E-9733F1B5A260} = {145F8229-87D9-45A1-8138-FDA0C94BAFD7}
		{280046D5-06A2-4DEA-90E3-9201BA7BC021} = {FAC3586D-B623-4C3D-815B-4E8EBC8AF0FC}
		{618C60FF-6322-471B-AED4-E4CBA3C3B216} = {FAC3586D-B623-4C3D-815B-4E8EBC8AF0FC}
		{66969B4B-9212-4E91-8C3A-FF07C8C7AF58} = {FAC3586D-B623-4C3D-815B-4E8EBC8AF0FC}
		{FAF28808-698C-481D-82E6-F38F7E8810E0} = {FAC3586D-B623-4C3D-815B-4E8EBC8AF0FC}
		{3492A5CB-8CB5-46FF-B307-FB6B85D594B1} = {FAC3586D-B623-4C3D-815B-4E8EBC8AF0FC}
		{E2D4AE9F-521D-4D6D-8C95-FDA6C1CACB40} = {FAC3586D-B623-4C3D-815B-4E8EBC8AF0FC}
		{42F37CC3-3C28-493B-9517-83EF00C8C5F2} = {3E3F4DE1-8470-4344-A956-3641E11EB1EF}
		{03733757-9077-4F83-8941-F145C95123D7} = {FAC3586D-B623-4C3D-815B-4E8EBC8AF0FC}
		{08614490-769B-4703-B2E9-641EB5D1FFF4} = {FAC3586D-B623-4C3D-815B-4E8EBC8AF0FC}
		{AF3F15A5-4747-418A-A311-10E5A79D08B0} = {145F8229-87D9-45A1-8138-FDA0C94BAFD7}
		{CCBCE2D9-41B1-4B17-AF98-42870D951A58} = {FAC3586D-B623-4C3D-815B-4E8EBC8AF0FC}
	EndGlobalSection
EndGlobal
