
Microsoft Visual Studio Solution File, Format Version 11.00
# Visual Studio 2010
Project("{FAE04EC0-301F-11D3-BF4B-00C04F79EFBC}") = "Microsoft.ServiceModel.Web.jQuery.FunctionalTest", "Test\Microsoft.ServiceModel.Web.jQuery.FunctionalTest\Microsoft.ServiceModel.Web.jQuery.FunctionalTest.csproj", "{F8FF64C6-AA11-4EC7-8840-CF353ED9B388}"
EndProject
Project("{FAE04EC0-301F-11D3-BF4B-00C04F79EFBC}") = "Microsoft.ServiceModel.Web.jQuery.E2ETest", "Test\Microsoft.ServiceModel.Web.jQuery.E2ETest\Microsoft.ServiceModel.Web.jQuery.E2ETest.csproj", "{BF16ECF5-C9E7-4E99-8ED4-FA4BCD35920D}"
EndProject
Project("{FAE04EC0-301F-11D3-BF4B-00C04F79EFBC}") = "Microsoft.ServiceModel.Web.jQuery.UnitTests", "Test\Microsoft.ServiceModel.Web.jQuery.UnitTests\Microsoft.ServiceModel.Web.jQuery.UnitTests.csproj", "{0D17320A-A297-42BD-8EF3-5B5E7F72CA18}"
EndProject
Project("{2150E333-8FDC-42A3-9474-1A3956D46DE8}") = "Test", "Test", "{EABD321C-AAB2-4FD6-8BF5-5EC95B937C85}"
EndProject
Project("{FAE04EC0-301F-11D3-BF4B-00C04F79EFBC}") = "Microsoft.Runtime.Serialization.Json.UnitTests", "Test\Microsoft.Runtime.Serialization.Json.UnitTests\Microsoft.Runtime.Serialization.Json.UnitTests.csproj", "{362488E2-5783-4DC5-9175-7C084C899640}"
EndProject
Project("{FAE04EC0-301F-11D3-BF4B-00C04F79EFBC}") = "Microsoft.Runtime.Serialization.Json.FunctionalTest", "Test\Microsoft.Runtime.Serialization.Json.FunctionalTests\Microsoft.Runtime.Serialization.Json.FunctionalTest.csproj", "{5CC8981A-2B63-46A1-8829-819272C2ABE9}"
EndProject
Global
	GlobalSection(SolutionConfigurationPlatforms) = preSolution
		Debug|Any CPU = Debug|Any CPU
		Debug|Mixed Platforms = Debug|Mixed Platforms
		Debug|x86 = Debug|x86
		Release|Any CPU = Release|Any CPU
		Release|Mixed Platforms = Release|Mixed Platforms
		Release|x86 = Release|x86
	EndGlobalSection
	GlobalSection(ProjectConfigurationPlatforms) = postSolution
		{F8FF64C6-AA11-4EC7-8840-CF353ED9B388}.Debug|Any CPU.ActiveCfg = Debug|Any CPU
		{F8FF64C6-AA11-4EC7-8840-CF353ED9B388}.Debug|Any CPU.Build.0 = Debug|Any CPU
		{F8FF64C6-AA11-4EC7-8840-CF353ED9B388}.Debug|Mixed Platforms.ActiveCfg = Debug|Any CPU
		{F8FF64C6-AA11-4EC7-8840-CF353ED9B388}.Debug|Mixed Platforms.Build.0 = Debug|Any CPU
		{F8FF64C6-AA11-4EC7-8840-CF353ED9B388}.Debug|x86.ActiveCfg = Debug|Any CPU
		{F8FF64C6-AA11-4EC7-8840-CF353ED9B388}.Release|Any CPU.ActiveCfg = Release|Any CPU
		{F8FF64C6-AA11-4EC7-8840-CF353ED9B388}.Release|Any CPU.Build.0 = Release|Any CPU
		{F8FF64C6-AA11-4EC7-8840-CF353ED9B388}.Release|Mixed Platforms.ActiveCfg = Release|Any CPU
		{F8FF64C6-AA11-4EC7-8840-CF353ED9B388}.Release|Mixed Platforms.Build.0 = Release|Any CPU
		{F8FF64C6-AA11-4EC7-8840-CF353ED9B388}.Release|x86.ActiveCfg = Release|Any CPU
		{BF16ECF5-C9E7-4E99-8ED4-FA4BCD35920D}.Debug|Any CPU.ActiveCfg = Debug|Any CPU
		{BF16ECF5-C9E7-4E99-8ED4-FA4BCD35920D}.Debug|Any CPU.Build.0 = Debug|Any CPU
		{BF16ECF5-C9E7-4E99-8ED4-FA4BCD35920D}.Debug|Mixed Platforms.ActiveCfg = Debug|Any CPU
		{BF16ECF5-C9E7-4E99-8ED4-FA4BCD35920D}.Debug|Mixed Platforms.Build.0 = Debug|Any CPU
		{BF16ECF5-C9E7-4E99-8ED4-FA4BCD35920D}.Debug|x86.ActiveCfg = Debug|Any CPU
		{BF16ECF5-C9E7-4E99-8ED4-FA4BCD35920D}.Release|Any CPU.ActiveCfg = Release|Any CPU
		{BF16ECF5-C9E7-4E99-8ED4-FA4BCD35920D}.Release|Any CPU.Build.0 = Release|Any CPU
		{BF16ECF5-C9E7-4E99-8ED4-FA4BCD35920D}.Release|Mixed Platforms.ActiveCfg = Release|Any CPU
		{BF16ECF5-C9E7-4E99-8ED4-FA4BCD35920D}.Release|Mixed Platforms.Build.0 = Release|Any CPU
		{BF16ECF5-C9E7-4E99-8ED4-FA4BCD35920D}.Release|x86.ActiveCfg = Release|Any CPU
		{0D17320A-A297-42BD-8EF3-5B5E7F72CA18}.Debug|Any CPU.ActiveCfg = Debug|Any CPU
		{0D17320A-A297-42BD-8EF3-5B5E7F72CA18}.Debug|Any CPU.Build.0 = Debug|Any CPU
		{0D17320A-A297-42BD-8EF3-5B5E7F72CA18}.Debug|Mixed Platforms.ActiveCfg = Debug|Any CPU
		{0D17320A-A297-42BD-8EF3-5B5E7F72CA18}.Debug|Mixed Platforms.Build.0 = Debug|Any CPU
		{0D17320A-A297-42BD-8EF3-5B5E7F72CA18}.Debug|x86.ActiveCfg = Debug|Any CPU
		{0D17320A-A297-42BD-8EF3-5B5E7F72CA18}.Release|Any CPU.ActiveCfg = Release|Any CPU
		{0D17320A-A297-42BD-8EF3-5B5E7F72CA18}.Release|Any CPU.Build.0 = Release|Any CPU
		{0D17320A-A297-42BD-8EF3-5B5E7F72CA18}.Release|Mixed Platforms.ActiveCfg = Release|Any CPU
		{0D17320A-A297-42BD-8EF3-5B5E7F72CA18}.Release|Mixed Platforms.Build.0 = Release|Any CPU
		{0D17320A-A297-42BD-8EF3-5B5E7F72CA18}.Release|x86.ActiveCfg = Release|Any CPU
		{362488E2-5783-4DC5-9175-7C084C899640}.Debug|Any CPU.ActiveCfg = Debug|Any CPU
		{362488E2-5783-4DC5-9175-7C084C899640}.Debug|Any CPU.Build.0 = Debug|Any CPU
		{362488E2-5783-4DC5-9175-7C084C899640}.Debug|Mixed Platforms.ActiveCfg = Debug|Any CPU
		{362488E2-5783-4DC5-9175-7C084C899640}.Debug|Mixed Platforms.Build.0 = Debug|Any CPU
		{362488E2-5783-4DC5-9175-7C084C899640}.Debug|x86.ActiveCfg = Debug|Any CPU
		{362488E2-5783-4DC5-9175-7C084C899640}.Release|Any CPU.ActiveCfg = Release|Any CPU
		{362488E2-5783-4DC5-9175-7C084C899640}.Release|Any CPU.Build.0 = Release|Any CPU
		{362488E2-5783-4DC5-9175-7C084C899640}.Release|Mixed Platforms.ActiveCfg = Release|Any CPU
		{362488E2-5783-4DC5-9175-7C084C899640}.Release|Mixed Platforms.Build.0 = Release|Any CPU
		{362488E2-5783-4DC5-9175-7C084C899640}.Release|x86.ActiveCfg = Release|Any CPU
		{5CC8981A-2B63-46A1-8829-819272C2ABE9}.Debug|Any CPU.ActiveCfg = Debug|Any CPU
		{5CC8981A-2B63-46A1-8829-819272C2ABE9}.Debug|Any CPU.Build.0 = Debug|Any CPU
		{5CC8981A-2B63-46A1-8829-819272C2ABE9}.Debug|Mixed Platforms.ActiveCfg = Debug|Any CPU
		{5CC8981A-2B63-46A1-8829-819272C2ABE9}.Debug|Mixed Platforms.Build.0 = Debug|Any CPU
		{5CC8981A-2B63-46A1-8829-819272C2ABE9}.Debug|x86.ActiveCfg = Debug|Any CPU
		{5CC8981A-2B63-46A1-8829-819272C2ABE9}.Release|Any CPU.ActiveCfg = Release|Any CPU
		{5CC8981A-2B63-46A1-8829-819272C2ABE9}.Release|Any CPU.Build.0 = Release|Any CPU
		{5CC8981A-2B63-46A1-8829-819272C2ABE9}.Release|Mixed Platforms.ActiveCfg = Release|Any CPU
		{5CC8981A-2B63-46A1-8829-819272C2ABE9}.Release|Mixed Platforms.Build.0 = Release|Any CPU
		{5CC8981A-2B63-46A1-8829-819272C2ABE9}.Release|x86.ActiveCfg = Release|Any CPU
	EndGlobalSection
	GlobalSection(SolutionProperties) = preSolution
		HideSolutionNode = FALSE
	EndGlobalSection
	GlobalSection(NestedProjects) = preSolution
		{BF16ECF5-C9E7-4E99-8ED4-FA4BCD35920D} = {EABD321C-AAB2-4FD6-8BF5-5EC95B937C85}
		{0D17320A-A297-42BD-8EF3-5B5E7F72CA18} = {EABD321C-AAB2-4FD6-8BF5-5EC95B937C85}
		{F8FF64C6-AA11-4EC7-8840-CF353ED9B388} = {EABD321C-AAB2-4FD6-8BF5-5EC95B937C85}
		{362488E2-5783-4DC5-9175-7C084C899640} = {EABD321C-AAB2-4FD6-8BF5-5EC95B937C85}
		{5CC8981A-2B63-46A1-8829-819272C2ABE9} = {EABD321C-AAB2-4FD6-8BF5-5EC95B937C85}
	EndGlobalSection
EndGlobal
