
Microsoft Visual Studio Solution File, Format Version 12.00
# Visual Studio 2012
Project("{FAE04EC0-301F-11D3-BF4B-00C04F79EFBC}") = "AutoSaveEntityGrid", "AutoSaveEntityGrid.csproj", "{038DC158-2DCE-4B2D-B35C-1143357AF844}"
EndProject
Global
	GlobalSection(SolutionConfigurationPlatforms) = preSolution
		Debug|Any CPU = Debug|Any CPU
		Release|Any CPU = Release|Any CPU
	EndGlobalSection
	GlobalSection(ProjectConfigurationPlatforms) = postSolution
		{038DC158-2DCE-4B2D-B35C-1143357AF844}.Debug|Any CPU.ActiveCfg = Debug|Any CPU
		{038DC158-2DCE-4B2D-B35C-1143357AF844}.Debug|Any CPU.Build.0 = Debug|Any CPU
		{038DC158-2DCE-4B2D-B35C-1143357AF844}.Release|Any CPU.ActiveCfg = Release|Any CPU
		{038DC158-2DCE-4B2D-B35C-1143357AF844}.Release|Any CPU.Build.0 = Release|Any CPU
	EndGlobalSection
	GlobalSection(SolutionProperties) = preSolution
		HideSolutionNode = FALSE
	EndGlobalSection
EndGlobal
